// !$*UTF8*$!
{
	archiveVersion = 1;
	classes = {
	};
	objectVersion = 48;
	objects = {

/* Begin PBXBuildFile section */
		33BC1B0B39134888B13400EA /* Pods_LumenshineUITests.framework in Frameworks */ = {isa = PBXBuildFile; fileRef = B431B5BD4ED4B7DD18040C99 /* Pods_LumenshineUITests.framework */; };
		4301312A20C049CB00E47E83 /* ReLoginCoordinator.swift in Sources */ = {isa = PBXBuildFile; fileRef = 4301312920C049CB00E47E83 /* ReLoginCoordinator.swift */; };
		43044914206BE7B400349B51 /* MnemonicViewController.swift in Sources */ = {isa = PBXBuildFile; fileRef = 43044913206BE7B400349B51 /* MnemonicViewController.swift */; };
		43044916206BE7E800349B51 /* VerificationViewController.swift in Sources */ = {isa = PBXBuildFile; fileRef = 43044915206BE7E800349B51 /* VerificationViewController.swift */; };
		43044918206BE85D00349B51 /* PillView.swift in Sources */ = {isa = PBXBuildFile; fileRef = 43044917206BE85D00349B51 /* PillView.swift */; };
		4304491C206BF47400349B51 /* UIView+Shake.swift in Sources */ = {isa = PBXBuildFile; fileRef = 4304491B206BF47400349B51 /* UIView+Shake.swift */; };
		43088DA82087987E008AE1AB /* CryptoUtil.swift in Sources */ = {isa = PBXBuildFile; fileRef = 43088DA72087987E008AE1AB /* CryptoUtil.swift */; };
		43088DAA20879AC7008AE1AB /* RandomBytesSequence.swift in Sources */ = {isa = PBXBuildFile; fileRef = 43088DA920879AC7008AE1AB /* RandomBytesSequence.swift */; };
		43088DAC2087AB23008AE1AB /* AuthService.swift in Sources */ = {isa = PBXBuildFile; fileRef = 43088DAB2087AB23008AE1AB /* AuthService.swift */; };
		43088DAE2087AD2A008AE1AB /* UserSecurity.swift in Sources */ = {isa = PBXBuildFile; fileRef = 43088DAD2087AD2A008AE1AB /* UserSecurity.swift */; };
		43088DB02087C4B8008AE1AB /* Dictionary+HTTPParams.swift in Sources */ = {isa = PBXBuildFile; fileRef = 43088DAF2087C4B8008AE1AB /* Dictionary+HTTPParams.swift */; };
		431082B020DE3F8D00852502 /* LoginMenuViewModel.swift in Sources */ = {isa = PBXBuildFile; fileRef = 431082AF20DE3F8D00852502 /* LoginMenuViewModel.swift */; };
		431082B220DE426900852502 /* LoginMenuEntry.swift in Sources */ = {isa = PBXBuildFile; fileRef = 431082B120DE426900852502 /* LoginMenuEntry.swift */; };
		431437EF2047FF4500189C83 /* MenuViewController.swift in Sources */ = {isa = PBXBuildFile; fileRef = 431437EE2047FF4500189C83 /* MenuViewController.swift */; };
		431437F22047FF9100189C83 /* AppNavigationController.swift in Sources */ = {isa = PBXBuildFile; fileRef = 431437F12047FF9100189C83 /* AppNavigationController.swift */; };
		431437F42047FFB400189C83 /* AppNavigationDrawerController.swift in Sources */ = {isa = PBXBuildFile; fileRef = 431437F32047FFB400189C83 /* AppNavigationDrawerController.swift */; };
		4314B9EF2048060F006DBE63 /* MaterialIcon.swift in Sources */ = {isa = PBXBuildFile; fileRef = 4314B9EE2048060F006DBE63 /* MaterialIcon.swift */; };
		4314B9F2204806E5006DBE63 /* MaterialIcons.bundle in Resources */ = {isa = PBXBuildFile; fileRef = 4314B9F1204806E5006DBE63 /* MaterialIcons.bundle */; };
		4314B9F420480813006DBE63 /* MenuViewProtocol.swift in Sources */ = {isa = PBXBuildFile; fileRef = 4314B9F320480813006DBE63 /* MenuViewProtocol.swift */; };
		4314B9F9204812BC006DBE63 /* MenuTableViewCell.swift in Sources */ = {isa = PBXBuildFile; fileRef = 4314B9F8204812BC006DBE63 /* MenuTableViewCell.swift */; };
		431628CE2097352B00F23A20 /* TFAResponse.swift in Sources */ = {isa = PBXBuildFile; fileRef = 431628CD2097352B00F23A20 /* TFAResponse.swift */; };
		431628D02097476500F23A20 /* ErrorResponse.swift in Sources */ = {isa = PBXBuildFile; fileRef = 431628CF2097476500F23A20 /* ErrorResponse.swift */; };
		4316ED9D208DE00800A40F97 /* RegistrationCoordinator.swift in Sources */ = {isa = PBXBuildFile; fileRef = 4316ED9C208DE00800A40F97 /* RegistrationCoordinator.swift */; };
		4319B17E2063EE0E007CE18D /* LoginViewController.swift in Sources */ = {isa = PBXBuildFile; fileRef = 4319B17D2063EE0E007CE18D /* LoginViewController.swift */; };
		4319B1802063EEA9007CE18D /* LoginViewModel.swift in Sources */ = {isa = PBXBuildFile; fileRef = 4319B17F2063EEA9007CE18D /* LoginViewModel.swift */; };
		4319B1822063EF72007CE18D /* LoginCoordinator.swift in Sources */ = {isa = PBXBuildFile; fileRef = 4319B1812063EF72007CE18D /* LoginCoordinator.swift */; };
		4319B1842063F00C007CE18D /* MenuViewModel.swift in Sources */ = {isa = PBXBuildFile; fileRef = 4319B1832063F00C007CE18D /* MenuViewModel.swift */; };
		4319B1862063F1B0007CE18D /* User.swift in Sources */ = {isa = PBXBuildFile; fileRef = 4319B1852063F1B0007CE18D /* User.swift */; };
		4319B1892063FA46007CE18D /* BiometricIDAuth.swift in Sources */ = {isa = PBXBuildFile; fileRef = 4319B1882063FA46007CE18D /* BiometricIDAuth.swift */; };
		4319B1902063FA8F007CE18D /* KeychainPasswordItem.swift in Sources */ = {isa = PBXBuildFile; fileRef = 4319B18F2063FA8F007CE18D /* KeychainPasswordItem.swift */; };
		431E7A252095B178003A63B3 /* TFARegistrationViewController.swift in Sources */ = {isa = PBXBuildFile; fileRef = 431E7A242095B178003A63B3 /* TFARegistrationViewController.swift */; };
		431E7A272095B2C0003A63B3 /* TFARegistrationViewModel.swift in Sources */ = {isa = PBXBuildFile; fileRef = 431E7A262095B2C0003A63B3 /* TFARegistrationViewModel.swift */; };
		431E7A292095D0E8003A63B3 /* TFARegistrationCoordinator.swift in Sources */ = {isa = PBXBuildFile; fileRef = 431E7A282095D0E8003A63B3 /* TFARegistrationCoordinator.swift */; };
		431F8AB420A0586100B1E0F1 /* MnemonicViewModel.swift in Sources */ = {isa = PBXBuildFile; fileRef = 431F8AB320A0586100B1E0F1 /* MnemonicViewModel.swift */; };
		431F8AB620A074BA00B1E0F1 /* MnemonicCoordinator.swift in Sources */ = {isa = PBXBuildFile; fileRef = 431F8AB520A074BA00B1E0F1 /* MnemonicCoordinator.swift */; };
		4322BA26205BAA60007FEB5E /* HeaderMenuViewController.swift in Sources */ = {isa = PBXBuildFile; fileRef = 4322BA25205BAA60007FEB5E /* HeaderMenuViewController.swift */; };
		4322BA2F205BD69F007FEB5E /* ResponseMock.swift in Sources */ = {isa = PBXBuildFile; fileRef = 4322BA2D205BD69F007FEB5E /* ResponseMock.swift */; };
		4322BA30205BD69F007FEB5E /* ServerMock.swift in Sources */ = {isa = PBXBuildFile; fileRef = 4322BA2E205BD69F007FEB5E /* ServerMock.swift */; };
		4322BA33205BDB6E007FEB5E /* CardsResponsesMock.swift in Sources */ = {isa = PBXBuildFile; fileRef = 4322BA32205BDB6E007FEB5E /* CardsResponsesMock.swift */; };
		4322BA35205BDD58007FEB5E /* Card.swift in Sources */ = {isa = PBXBuildFile; fileRef = 4322BA34205BDD58007FEB5E /* Card.swift */; };
		4337C4E72081BAA400F4585A /* RegistrationFormTableViewController.swift in Sources */ = {isa = PBXBuildFile; fileRef = 4337C4E62081BAA400F4585A /* RegistrationFormTableViewController.swift */; };
		434E049B20D3DC8A00D3235A /* DateUtils+Format.swift in Sources */ = {isa = PBXBuildFile; fileRef = 434E049A20D3DC8A00D3235A /* DateUtils+Format.swift */; };
		434E049D20D4154700D3235A /* MenuEntry.swift in Sources */ = {isa = PBXBuildFile; fileRef = 434E049C20D4154700D3235A /* MenuEntry.swift */; };
		4359984B20A438EF00007F27 /* LoginStep1Response.swift in Sources */ = {isa = PBXBuildFile; fileRef = 4359984A20A438EF00007F27 /* LoginStep1Response.swift */; };
		4359984D20A492FF00007F27 /* AlertFactory.swift in Sources */ = {isa = PBXBuildFile; fileRef = 4359984C20A492FF00007F27 /* AlertFactory.swift */; };
		4359984F20A4A14000007F27 /* UserSecurityHelper.swift in Sources */ = {isa = PBXBuildFile; fileRef = 4359984E20A4A14000007F27 /* UserSecurityHelper.swift */; };
		4359985120A5920200007F27 /* Array+Shuffle.swift in Sources */ = {isa = PBXBuildFile; fileRef = 4359985020A5920200007F27 /* Array+Shuffle.swift */; };
		435A1CA920C846EC00CE3365 /* SettingsTableViewCell.swift in Sources */ = {isa = PBXBuildFile; fileRef = 435A1CA820C846EC00CE3365 /* SettingsTableViewCell.swift */; };
		4360484620AEFCFD00CF781A /* LumenshineTests.swift in Sources */ = {isa = PBXBuildFile; fileRef = 4360484520AEFCFD00CF781A /* LumenshineTests.swift */; };
		4360485420AEFD9A00CF781A /* LumenshineUITests.swift in Sources */ = {isa = PBXBuildFile; fileRef = 4360485320AEFD9A00CF781A /* LumenshineUITests.swift */; };
		4360486020AEFEA400CF781A /* CreateAccountLocalTestCase.swift in Sources */ = {isa = PBXBuildFile; fileRef = 4360485D20AEFE1900CF781A /* CreateAccountLocalTestCase.swift */; };
		436B366E20512114009F7C21 /* FlexibleHeightBarSubviewLayoutAttributes.swift in Sources */ = {isa = PBXBuildFile; fileRef = 436B366820512114009F7C21 /* FlexibleHeightBarSubviewLayoutAttributes.swift */; };
		436B366F20512114009F7C21 /* FlexibleHeightBar.swift in Sources */ = {isa = PBXBuildFile; fileRef = 436B366920512114009F7C21 /* FlexibleHeightBar.swift */; };
		436B367020512114009F7C21 /* FlexibleHeightBarBehaviorDefiner.swift in Sources */ = {isa = PBXBuildFile; fileRef = 436B366A20512114009F7C21 /* FlexibleHeightBarBehaviorDefiner.swift */; };
		436B367120512114009F7C21 /* FacebookBarBehaviorDefiner.swift in Sources */ = {isa = PBXBuildFile; fileRef = 436B366B20512114009F7C21 /* FacebookBarBehaviorDefiner.swift */; };
		436B367220512114009F7C21 /* SquareCashBarBehaviorDefiner.swift in Sources */ = {isa = PBXBuildFile; fileRef = 436B366C20512114009F7C21 /* SquareCashBarBehaviorDefiner.swift */; };
		436B367320512114009F7C21 /* TableViewDelegateHandler.swift in Sources */ = {isa = PBXBuildFile; fileRef = 436B366D20512114009F7C21 /* TableViewDelegateHandler.swift */; };
		436FE5082052634300CFE788 /* WebCard.swift in Sources */ = {isa = PBXBuildFile; fileRef = 436FE5072052634300CFE788 /* WebCard.swift */; };
		4370E23D20655F9C004C62C3 /* SettingsTableViewController.swift in Sources */ = {isa = PBXBuildFile; fileRef = 4370E23C20655F9C004C62C3 /* SettingsTableViewController.swift */; };
		4376F49E204D9DF800B179C3 /* HomeCoordinator.swift in Sources */ = {isa = PBXBuildFile; fileRef = 4376F49D204D9DF800B179C3 /* HomeCoordinator.swift */; };
		4376F4A0204D9E2700B179C3 /* CoordinatorProtocol.swift in Sources */ = {isa = PBXBuildFile; fileRef = 4376F49F204D9E2700B179C3 /* CoordinatorProtocol.swift */; };
		4376F4A3204D9F9D00B179C3 /* HomeViewModel.swift in Sources */ = {isa = PBXBuildFile; fileRef = 4376F4A2204D9F9D00B179C3 /* HomeViewModel.swift */; };
		4384C70C20E27C72000C7201 /* LoginMenuCoordinator.swift in Sources */ = {isa = PBXBuildFile; fileRef = 4384C70B20E27C72000C7201 /* LoginMenuCoordinator.swift */; };
		4386717420DAA77E00459EA8 /* WalletCardViewModel.swift in Sources */ = {isa = PBXBuildFile; fileRef = 4386717320DAA77E00459EA8 /* WalletCardViewModel.swift */; };
		4387980A20584335005261C8 /* InternalCard.swift in Sources */ = {isa = PBXBuildFile; fileRef = 4387980920584335005261C8 /* InternalCard.swift */; };
		438BE842204D51FD007EBFB9 /* HamburgerButton.swift in Sources */ = {isa = PBXBuildFile; fileRef = 438BE841204D51FD007EBFB9 /* HamburgerButton.swift */; };
		4390D57C205FA4EF00383BB2 /* HomeService.swift in Sources */ = {isa = PBXBuildFile; fileRef = 4390D57B205FA4EF00383BB2 /* HomeService.swift */; };
		4390D57E205FA5FC00383BB2 /* BaseService.swift in Sources */ = {isa = PBXBuildFile; fileRef = 4390D57D205FA5FC00383BB2 /* BaseService.swift */; };
		4390D582205FBD6E00383BB2 /* Services.swift in Sources */ = {isa = PBXBuildFile; fileRef = 4390D581205FBD6E00383BB2 /* Services.swift */; };
		4391A52B20D139D60015A6DA /* CountryResponse.swift in Sources */ = {isa = PBXBuildFile; fileRef = 4391A52A20D139D60015A6DA /* CountryResponse.swift */; };
		4391A52E20D141300015A6DA /* EnumPicker.swift in Sources */ = {isa = PBXBuildFile; fileRef = 4391A52D20D141300015A6DA /* EnumPicker.swift */; };
		4391A53020D159190015A6DA /* RegistrationEntry.swift in Sources */ = {isa = PBXBuildFile; fileRef = 4391A52F20D159190015A6DA /* RegistrationEntry.swift */; };
		4391A53220D170420015A6DA /* CountryListResponse.swift in Sources */ = {isa = PBXBuildFile; fileRef = 4391A53120D170420015A6DA /* CountryListResponse.swift */; };
		4391A53420D175D40015A6DA /* SalutationsResponse.swift in Sources */ = {isa = PBXBuildFile; fileRef = 4391A53320D175D40015A6DA /* SalutationsResponse.swift */; };
		43920D9A2057EECA0040003C /* CardView.swift in Sources */ = {isa = PBXBuildFile; fileRef = 43920D992057EECA0040003C /* CardView.swift */; };
		4394911C20BEB845008D4FA2 /* SettingsViewModel.swift in Sources */ = {isa = PBXBuildFile; fileRef = 4394911B20BEB845008D4FA2 /* SettingsViewModel.swift */; };
		4394911E20BEBDFA008D4FA2 /* SettingsCoordinator.swift in Sources */ = {isa = PBXBuildFile; fileRef = 4394911D20BEBDFA008D4FA2 /* SettingsCoordinator.swift */; };
		43973A8C20BD4B87000145DD /* TFAGeneration.swift in Sources */ = {isa = PBXBuildFile; fileRef = 43973A8B20BD4B87000145DD /* TFAGeneration.swift */; };
		439C476E20D6770900C5DC97 /* AvatarTableViewCell.swift in Sources */ = {isa = PBXBuildFile; fileRef = 439C476D20D6770900C5DC97 /* AvatarTableViewCell.swift */; };
		43A8633820A9F0E6007C46E2 /* LoginStep2Response.swift in Sources */ = {isa = PBXBuildFile; fileRef = 43A8633720A9F0E6007C46E2 /* LoginStep2Response.swift */; };
		43C6377A20BEFF2B00498FC5 /* ReLoginViewController.swift in Sources */ = {isa = PBXBuildFile; fileRef = 43C6377920BEFF2B00498FC5 /* ReLoginViewController.swift */; };
		43D131E220569950000483C4 /* HomeViewController.swift in Sources */ = {isa = PBXBuildFile; fileRef = 43D131E120569950000483C4 /* HomeViewController.swift */; };
		43D131E42056D439000483C4 /* CardTableViewCell.swift in Sources */ = {isa = PBXBuildFile; fileRef = 43D131E32056D439000483C4 /* CardTableViewCell.swift */; };
		43D131E62056E3BD000483C4 /* CardViewModel.swift in Sources */ = {isa = PBXBuildFile; fileRef = 43D131E52056E3BD000483C4 /* CardViewModel.swift */; };
		43D131E82056EAC6000483C4 /* ChartCard.swift in Sources */ = {isa = PBXBuildFile; fileRef = 43D131E72056EAC6000483C4 /* ChartCard.swift */; };
		43D7A775205A84B300238E29 /* R.generated.swift in Sources */ = {isa = PBXBuildFile; fileRef = 43D7A774205A84B300238E29 /* R.generated.swift */; };
		43D7A77B205A892E00238E29 /* Localizable.strings in Resources */ = {isa = PBXBuildFile; fileRef = 43D7A777205A892E00238E29 /* Localizable.strings */; };
		43D7A77C205A892E00238E29 /* Common.strings in Resources */ = {isa = PBXBuildFile; fileRef = 43D7A779205A892E00238E29 /* Common.strings */; };
		43D7A77E205A90CC00238E29 /* MenuCoordinator.swift in Sources */ = {isa = PBXBuildFile; fileRef = 43D7A77D205A90CC00238E29 /* MenuCoordinator.swift */; };
		43E13E8820D97DA000409129 /* WalletCard.swift in Sources */ = {isa = PBXBuildFile; fileRef = 43E13E8720D97DA000409129 /* WalletCard.swift */; };
		43ECA9CA208B3C4400CB571E /* RegistrationViewModel.swift in Sources */ = {isa = PBXBuildFile; fileRef = 43ECA9C9208B3C4400CB571E /* RegistrationViewModel.swift */; };
		43ECA9CC208B530000CB571E /* RegistrationTableViewCell.swift in Sources */ = {isa = PBXBuildFile; fileRef = 43ECA9CB208B530000CB571E /* RegistrationTableViewCell.swift */; };
		43EFF204204939F700B1887C /* UIColor+Utils.swift in Sources */ = {isa = PBXBuildFile; fileRef = 43EFF203204939F700B1887C /* UIColor+Utils.swift */; };
		43EFF20620493B4900B1887C /* Stylesheet.swift in Sources */ = {isa = PBXBuildFile; fileRef = 43EFF20520493B4900B1887C /* Stylesheet.swift */; };
		43F74607209494AC003EB5FD /* RegistrationResponse.swift in Sources */ = {isa = PBXBuildFile; fileRef = 43F74606209494AC003EB5FD /* RegistrationResponse.swift */; };
		43FA7D3520B45CA3006BD513 /* EmailConfirmationViewController.swift in Sources */ = {isa = PBXBuildFile; fileRef = 43FA7D3420B45CA3006BD513 /* EmailConfirmationViewController.swift */; };
		43FA7D3720B46157006BD513 /* EmailConfirmationViewModel.swift in Sources */ = {isa = PBXBuildFile; fileRef = 43FA7D3620B46157006BD513 /* EmailConfirmationViewModel.swift */; };
		43FA7D3920B4924B006BD513 /* EmailConfirmationCoordinator.swift in Sources */ = {isa = PBXBuildFile; fileRef = 43FA7D3820B4924B006BD513 /* EmailConfirmationCoordinator.swift */; };
		43FBEE452062853A004E2BB1 /* ScanViewController.swift in Sources */ = {isa = PBXBuildFile; fileRef = 43FBEE442062853A004E2BB1 /* ScanViewController.swift */; };
		7435EA6D20BACE71008CC667 /* ForgotPasswordCoordinator.swift in Sources */ = {isa = PBXBuildFile; fileRef = 7435EA6C20BACE71008CC667 /* ForgotPasswordCoordinator.swift */; };
		7435EA6F20BAD124008CC667 /* ForgotPasswordViewModel.swift in Sources */ = {isa = PBXBuildFile; fileRef = 7435EA6E20BAD124008CC667 /* ForgotPasswordViewModel.swift */; };
		7435EA7220BAD452008CC667 /* ForgotPasswordViewController.swift in Sources */ = {isa = PBXBuildFile; fileRef = 7435EA7020BAD452008CC667 /* ForgotPasswordViewController.swift */; };
		7435EA7320BAD452008CC667 /* ForgotPasswordViewController.xib in Resources */ = {isa = PBXBuildFile; fileRef = 7435EA7120BAD452008CC667 /* ForgotPasswordViewController.xib */; };
		7435EA7520BAD95F008CC667 /* String+Utils.swift in Sources */ = {isa = PBXBuildFile; fileRef = 7435EA7420BAD95F008CC667 /* String+Utils.swift */; };
		7435EA7720BADF2C008CC667 /* UIViewController+Utils.swift in Sources */ = {isa = PBXBuildFile; fileRef = 7435EA7620BADF2C008CC667 /* UIViewController+Utils.swift */; };
		7445E9C52019CF7200470E0A /* AppDelegate.swift in Sources */ = {isa = PBXBuildFile; fileRef = 7445E9C42019CF7200470E0A /* AppDelegate.swift */; };
		7445E9CC2019CF7200470E0A /* Assets.xcassets in Resources */ = {isa = PBXBuildFile; fileRef = 7445E9CB2019CF7200470E0A /* Assets.xcassets */; };
		7445E9CF2019CF7200470E0A /* LaunchScreen.storyboard in Resources */ = {isa = PBXBuildFile; fileRef = 7445E9CD2019CF7200470E0A /* LaunchScreen.storyboard */; };
		744DE2D720BD7A8A003BC216 /* UIDevice+Additions.swift in Sources */ = {isa = PBXBuildFile; fileRef = 744DE2D620BD7A8A003BC216 /* UIDevice+Additions.swift */; };
		744DE2D920BD7F10003BC216 /* Lost2faCoordinator.swift in Sources */ = {isa = PBXBuildFile; fileRef = 744DE2D820BD7F10003BC216 /* Lost2faCoordinator.swift */; };
		744DE2DD20BD7FAE003BC216 /* Lost2faViewController.swift in Sources */ = {isa = PBXBuildFile; fileRef = 744DE2DB20BD7FAE003BC216 /* Lost2faViewController.swift */; };
		744DE2DE20BD7FAE003BC216 /* Lost2faViewController.xib in Resources */ = {isa = PBXBuildFile; fileRef = 744DE2DC20BD7FAE003BC216 /* Lost2faViewController.xib */; };
		744DE2E020BD8006003BC216 /* Lost2faViewModel.swift in Sources */ = {isa = PBXBuildFile; fileRef = 744DE2DF20BD8006003BC216 /* Lost2faViewModel.swift */; };
		8512994BC58C9170B170BDB1 /* Pods_Lumenshine.framework in Frameworks */ = {isa = PBXBuildFile; fileRef = 71693C4C31281DE86DD6B9A3 /* Pods_Lumenshine.framework */; };
		F303E07D4E233BC6EBD70113 /* Pods_LumenshineTests.framework in Frameworks */ = {isa = PBXBuildFile; fileRef = 86AD752FAE592CDE9EE0B508 /* Pods_LumenshineTests.framework */; };
/* End PBXBuildFile section */

/* Begin PBXContainerItemProxy section */
		4360484820AEFCFD00CF781A /* PBXContainerItemProxy */ = {
			isa = PBXContainerItemProxy;
			containerPortal = 7445E9B92019CF7200470E0A /* Project object */;
			proxyType = 1;
			remoteGlobalIDString = 7445E9C02019CF7200470E0A;
			remoteInfo = Lumenshine;
		};
		4360485620AEFD9A00CF781A /* PBXContainerItemProxy */ = {
			isa = PBXContainerItemProxy;
			containerPortal = 7445E9B92019CF7200470E0A /* Project object */;
			proxyType = 1;
			remoteGlobalIDString = 7445E9C02019CF7200470E0A;
			remoteInfo = Lumenshine;
		};
/* End PBXContainerItemProxy section */

/* Begin PBXCopyFilesBuildPhase section */
		74DABE68201B1455007FB701 /* CopyFiles */ = {
			isa = PBXCopyFilesBuildPhase;
			buildActionMask = 2147483647;
			dstPath = "";
			dstSubfolderSpec = 10;
			files = (
			);
			runOnlyForDeploymentPostprocessing = 0;
		};
/* End PBXCopyFilesBuildPhase section */

/* Begin PBXFileReference section */
		09AFFFAB5460432C42E18A84 /* Pods-LumenshineTests.development.xcconfig */ = {isa = PBXFileReference; includeInIndex = 1; lastKnownFileType = text.xcconfig; name = "Pods-LumenshineTests.development.xcconfig"; path = "Pods/Target Support Files/Pods-LumenshineTests/Pods-LumenshineTests.development.xcconfig"; sourceTree = "<group>"; };
		4301312920C049CB00E47E83 /* ReLoginCoordinator.swift */ = {isa = PBXFileReference; lastKnownFileType = sourcecode.swift; path = ReLoginCoordinator.swift; sourceTree = "<group>"; };
		43044913206BE7B400349B51 /* MnemonicViewController.swift */ = {isa = PBXFileReference; lastKnownFileType = sourcecode.swift; path = MnemonicViewController.swift; sourceTree = "<group>"; };
		43044915206BE7E800349B51 /* VerificationViewController.swift */ = {isa = PBXFileReference; lastKnownFileType = sourcecode.swift; path = VerificationViewController.swift; sourceTree = "<group>"; };
		43044917206BE85D00349B51 /* PillView.swift */ = {isa = PBXFileReference; lastKnownFileType = sourcecode.swift; path = PillView.swift; sourceTree = "<group>"; };
		4304491B206BF47400349B51 /* UIView+Shake.swift */ = {isa = PBXFileReference; lastKnownFileType = sourcecode.swift; path = "UIView+Shake.swift"; sourceTree = "<group>"; };
		43088DA72087987E008AE1AB /* CryptoUtil.swift */ = {isa = PBXFileReference; lastKnownFileType = sourcecode.swift; path = CryptoUtil.swift; sourceTree = "<group>"; };
		43088DA920879AC7008AE1AB /* RandomBytesSequence.swift */ = {isa = PBXFileReference; lastKnownFileType = sourcecode.swift; path = RandomBytesSequence.swift; sourceTree = "<group>"; };
		43088DAB2087AB23008AE1AB /* AuthService.swift */ = {isa = PBXFileReference; lastKnownFileType = sourcecode.swift; path = AuthService.swift; sourceTree = "<group>"; };
		43088DAD2087AD2A008AE1AB /* UserSecurity.swift */ = {isa = PBXFileReference; lastKnownFileType = sourcecode.swift; path = UserSecurity.swift; sourceTree = "<group>"; };
		43088DAF2087C4B8008AE1AB /* Dictionary+HTTPParams.swift */ = {isa = PBXFileReference; lastKnownFileType = sourcecode.swift; path = "Dictionary+HTTPParams.swift"; sourceTree = "<group>"; };
		431082AF20DE3F8D00852502 /* LoginMenuViewModel.swift */ = {isa = PBXFileReference; lastKnownFileType = sourcecode.swift; path = LoginMenuViewModel.swift; sourceTree = "<group>"; };
		431082B120DE426900852502 /* LoginMenuEntry.swift */ = {isa = PBXFileReference; lastKnownFileType = sourcecode.swift; path = LoginMenuEntry.swift; sourceTree = "<group>"; };
		431437EE2047FF4500189C83 /* MenuViewController.swift */ = {isa = PBXFileReference; lastKnownFileType = sourcecode.swift; path = MenuViewController.swift; sourceTree = "<group>"; };
		431437F12047FF9100189C83 /* AppNavigationController.swift */ = {isa = PBXFileReference; lastKnownFileType = sourcecode.swift; path = AppNavigationController.swift; sourceTree = "<group>"; };
		431437F32047FFB400189C83 /* AppNavigationDrawerController.swift */ = {isa = PBXFileReference; lastKnownFileType = sourcecode.swift; path = AppNavigationDrawerController.swift; sourceTree = "<group>"; };
		4314B9EE2048060F006DBE63 /* MaterialIcon.swift */ = {isa = PBXFileReference; lastKnownFileType = sourcecode.swift; path = MaterialIcon.swift; sourceTree = "<group>"; };
		4314B9F1204806E5006DBE63 /* MaterialIcons.bundle */ = {isa = PBXFileReference; lastKnownFileType = "wrapper.plug-in"; path = MaterialIcons.bundle; sourceTree = "<group>"; };
		4314B9F320480813006DBE63 /* MenuViewProtocol.swift */ = {isa = PBXFileReference; lastKnownFileType = sourcecode.swift; path = MenuViewProtocol.swift; sourceTree = "<group>"; };
		4314B9F8204812BC006DBE63 /* MenuTableViewCell.swift */ = {isa = PBXFileReference; lastKnownFileType = sourcecode.swift; path = MenuTableViewCell.swift; sourceTree = "<group>"; };
		431628CD2097352B00F23A20 /* TFAResponse.swift */ = {isa = PBXFileReference; lastKnownFileType = sourcecode.swift; path = TFAResponse.swift; sourceTree = "<group>"; };
		431628CF2097476500F23A20 /* ErrorResponse.swift */ = {isa = PBXFileReference; lastKnownFileType = sourcecode.swift; path = ErrorResponse.swift; sourceTree = "<group>"; };
		4316ED9C208DE00800A40F97 /* RegistrationCoordinator.swift */ = {isa = PBXFileReference; lastKnownFileType = sourcecode.swift; path = RegistrationCoordinator.swift; sourceTree = "<group>"; };
		4319B17D2063EE0E007CE18D /* LoginViewController.swift */ = {isa = PBXFileReference; lastKnownFileType = sourcecode.swift; path = LoginViewController.swift; sourceTree = "<group>"; };
		4319B17F2063EEA9007CE18D /* LoginViewModel.swift */ = {isa = PBXFileReference; lastKnownFileType = sourcecode.swift; path = LoginViewModel.swift; sourceTree = "<group>"; };
		4319B1812063EF72007CE18D /* LoginCoordinator.swift */ = {isa = PBXFileReference; lastKnownFileType = sourcecode.swift; path = LoginCoordinator.swift; sourceTree = "<group>"; };
		4319B1832063F00C007CE18D /* MenuViewModel.swift */ = {isa = PBXFileReference; lastKnownFileType = sourcecode.swift; path = MenuViewModel.swift; sourceTree = "<group>"; };
		4319B1852063F1B0007CE18D /* User.swift */ = {isa = PBXFileReference; lastKnownFileType = sourcecode.swift; path = User.swift; sourceTree = "<group>"; };
		4319B1882063FA46007CE18D /* BiometricIDAuth.swift */ = {isa = PBXFileReference; lastKnownFileType = sourcecode.swift; path = BiometricIDAuth.swift; sourceTree = "<group>"; };
		4319B18F2063FA8F007CE18D /* KeychainPasswordItem.swift */ = {isa = PBXFileReference; fileEncoding = 4; lastKnownFileType = sourcecode.swift; path = KeychainPasswordItem.swift; sourceTree = "<group>"; };
		431E7A242095B178003A63B3 /* TFARegistrationViewController.swift */ = {isa = PBXFileReference; lastKnownFileType = sourcecode.swift; path = TFARegistrationViewController.swift; sourceTree = "<group>"; };
		431E7A262095B2C0003A63B3 /* TFARegistrationViewModel.swift */ = {isa = PBXFileReference; lastKnownFileType = sourcecode.swift; path = TFARegistrationViewModel.swift; sourceTree = "<group>"; };
		431E7A282095D0E8003A63B3 /* TFARegistrationCoordinator.swift */ = {isa = PBXFileReference; lastKnownFileType = sourcecode.swift; path = TFARegistrationCoordinator.swift; sourceTree = "<group>"; };
		431F8AB320A0586100B1E0F1 /* MnemonicViewModel.swift */ = {isa = PBXFileReference; lastKnownFileType = sourcecode.swift; path = MnemonicViewModel.swift; sourceTree = "<group>"; };
		431F8AB520A074BA00B1E0F1 /* MnemonicCoordinator.swift */ = {isa = PBXFileReference; lastKnownFileType = sourcecode.swift; path = MnemonicCoordinator.swift; sourceTree = "<group>"; };
		4322BA25205BAA60007FEB5E /* HeaderMenuViewController.swift */ = {isa = PBXFileReference; lastKnownFileType = sourcecode.swift; path = HeaderMenuViewController.swift; sourceTree = "<group>"; };
		4322BA2D205BD69F007FEB5E /* ResponseMock.swift */ = {isa = PBXFileReference; fileEncoding = 4; lastKnownFileType = sourcecode.swift; path = ResponseMock.swift; sourceTree = "<group>"; };
		4322BA2E205BD69F007FEB5E /* ServerMock.swift */ = {isa = PBXFileReference; fileEncoding = 4; lastKnownFileType = sourcecode.swift; path = ServerMock.swift; sourceTree = "<group>"; };
		4322BA32205BDB6E007FEB5E /* CardsResponsesMock.swift */ = {isa = PBXFileReference; lastKnownFileType = sourcecode.swift; path = CardsResponsesMock.swift; sourceTree = "<group>"; };
		4322BA34205BDD58007FEB5E /* Card.swift */ = {isa = PBXFileReference; lastKnownFileType = sourcecode.swift; path = Card.swift; sourceTree = "<group>"; };
		4337C4E62081BAA400F4585A /* RegistrationFormTableViewController.swift */ = {isa = PBXFileReference; lastKnownFileType = sourcecode.swift; path = RegistrationFormTableViewController.swift; sourceTree = "<group>"; };
		434E049A20D3DC8A00D3235A /* DateUtils+Format.swift */ = {isa = PBXFileReference; lastKnownFileType = sourcecode.swift; path = "DateUtils+Format.swift"; sourceTree = "<group>"; };
		434E049C20D4154700D3235A /* MenuEntry.swift */ = {isa = PBXFileReference; lastKnownFileType = sourcecode.swift; path = MenuEntry.swift; sourceTree = "<group>"; };
		4359984A20A438EF00007F27 /* LoginStep1Response.swift */ = {isa = PBXFileReference; lastKnownFileType = sourcecode.swift; path = LoginStep1Response.swift; sourceTree = "<group>"; };
		4359984C20A492FF00007F27 /* AlertFactory.swift */ = {isa = PBXFileReference; lastKnownFileType = sourcecode.swift; path = AlertFactory.swift; sourceTree = "<group>"; };
		4359984E20A4A14000007F27 /* UserSecurityHelper.swift */ = {isa = PBXFileReference; lastKnownFileType = sourcecode.swift; path = UserSecurityHelper.swift; sourceTree = "<group>"; };
		4359985020A5920200007F27 /* Array+Shuffle.swift */ = {isa = PBXFileReference; lastKnownFileType = sourcecode.swift; path = "Array+Shuffle.swift"; sourceTree = "<group>"; };
		435A1CA820C846EC00CE3365 /* SettingsTableViewCell.swift */ = {isa = PBXFileReference; lastKnownFileType = sourcecode.swift; path = SettingsTableViewCell.swift; sourceTree = "<group>"; };
		435C27C820AEF82000A2E839 /* Lumenshine.entitlements */ = {isa = PBXFileReference; lastKnownFileType = text.plist.entitlements; path = Lumenshine.entitlements; sourceTree = "<group>"; };
		4360484320AEFCFD00CF781A /* LumenshineTests.xctest */ = {isa = PBXFileReference; explicitFileType = wrapper.cfbundle; includeInIndex = 0; path = LumenshineTests.xctest; sourceTree = BUILT_PRODUCTS_DIR; };
		4360484520AEFCFD00CF781A /* LumenshineTests.swift */ = {isa = PBXFileReference; lastKnownFileType = sourcecode.swift; path = LumenshineTests.swift; sourceTree = "<group>"; };
		4360484720AEFCFD00CF781A /* Info.plist */ = {isa = PBXFileReference; lastKnownFileType = text.plist.xml; path = Info.plist; sourceTree = "<group>"; };
		4360485120AEFD9A00CF781A /* LumenshineUITests.xctest */ = {isa = PBXFileReference; explicitFileType = wrapper.cfbundle; includeInIndex = 0; path = LumenshineUITests.xctest; sourceTree = BUILT_PRODUCTS_DIR; };
		4360485320AEFD9A00CF781A /* LumenshineUITests.swift */ = {isa = PBXFileReference; lastKnownFileType = sourcecode.swift; path = LumenshineUITests.swift; sourceTree = "<group>"; };
		4360485520AEFD9A00CF781A /* Info.plist */ = {isa = PBXFileReference; lastKnownFileType = text.plist.xml; path = Info.plist; sourceTree = "<group>"; };
		4360485D20AEFE1900CF781A /* CreateAccountLocalTestCase.swift */ = {isa = PBXFileReference; fileEncoding = 4; lastKnownFileType = sourcecode.swift; path = CreateAccountLocalTestCase.swift; sourceTree = "<group>"; };
		436B366820512114009F7C21 /* FlexibleHeightBarSubviewLayoutAttributes.swift */ = {isa = PBXFileReference; fileEncoding = 4; lastKnownFileType = sourcecode.swift; path = FlexibleHeightBarSubviewLayoutAttributes.swift; sourceTree = "<group>"; };
		436B366920512114009F7C21 /* FlexibleHeightBar.swift */ = {isa = PBXFileReference; fileEncoding = 4; lastKnownFileType = sourcecode.swift; path = FlexibleHeightBar.swift; sourceTree = "<group>"; };
		436B366A20512114009F7C21 /* FlexibleHeightBarBehaviorDefiner.swift */ = {isa = PBXFileReference; fileEncoding = 4; lastKnownFileType = sourcecode.swift; path = FlexibleHeightBarBehaviorDefiner.swift; sourceTree = "<group>"; };
		436B366B20512114009F7C21 /* FacebookBarBehaviorDefiner.swift */ = {isa = PBXFileReference; fileEncoding = 4; lastKnownFileType = sourcecode.swift; path = FacebookBarBehaviorDefiner.swift; sourceTree = "<group>"; };
		436B366C20512114009F7C21 /* SquareCashBarBehaviorDefiner.swift */ = {isa = PBXFileReference; fileEncoding = 4; lastKnownFileType = sourcecode.swift; path = SquareCashBarBehaviorDefiner.swift; sourceTree = "<group>"; };
		436B366D20512114009F7C21 /* TableViewDelegateHandler.swift */ = {isa = PBXFileReference; fileEncoding = 4; lastKnownFileType = sourcecode.swift; path = TableViewDelegateHandler.swift; sourceTree = "<group>"; };
		436FE5072052634300CFE788 /* WebCard.swift */ = {isa = PBXFileReference; lastKnownFileType = sourcecode.swift; path = WebCard.swift; sourceTree = "<group>"; };
		4370E23C20655F9C004C62C3 /* SettingsTableViewController.swift */ = {isa = PBXFileReference; lastKnownFileType = sourcecode.swift; path = SettingsTableViewController.swift; sourceTree = "<group>"; };
		4376F49D204D9DF800B179C3 /* HomeCoordinator.swift */ = {isa = PBXFileReference; lastKnownFileType = sourcecode.swift; path = HomeCoordinator.swift; sourceTree = "<group>"; };
		4376F49F204D9E2700B179C3 /* CoordinatorProtocol.swift */ = {isa = PBXFileReference; lastKnownFileType = sourcecode.swift; path = CoordinatorProtocol.swift; sourceTree = "<group>"; };
		4376F4A2204D9F9D00B179C3 /* HomeViewModel.swift */ = {isa = PBXFileReference; lastKnownFileType = sourcecode.swift; path = HomeViewModel.swift; sourceTree = "<group>"; };
		4384C70B20E27C72000C7201 /* LoginMenuCoordinator.swift */ = {isa = PBXFileReference; lastKnownFileType = sourcecode.swift; path = LoginMenuCoordinator.swift; sourceTree = "<group>"; };
		4386717320DAA77E00459EA8 /* WalletCardViewModel.swift */ = {isa = PBXFileReference; lastKnownFileType = sourcecode.swift; path = WalletCardViewModel.swift; sourceTree = "<group>"; };
		4387980920584335005261C8 /* InternalCard.swift */ = {isa = PBXFileReference; lastKnownFileType = sourcecode.swift; path = InternalCard.swift; sourceTree = "<group>"; };
		438BE841204D51FD007EBFB9 /* HamburgerButton.swift */ = {isa = PBXFileReference; fileEncoding = 4; lastKnownFileType = sourcecode.swift; path = HamburgerButton.swift; sourceTree = "<group>"; };
		4390D57B205FA4EF00383BB2 /* HomeService.swift */ = {isa = PBXFileReference; lastKnownFileType = sourcecode.swift; path = HomeService.swift; sourceTree = "<group>"; };
		4390D57D205FA5FC00383BB2 /* BaseService.swift */ = {isa = PBXFileReference; lastKnownFileType = sourcecode.swift; path = BaseService.swift; sourceTree = "<group>"; };
		4390D581205FBD6E00383BB2 /* Services.swift */ = {isa = PBXFileReference; lastKnownFileType = sourcecode.swift; path = Services.swift; sourceTree = "<group>"; };
		4391A52A20D139D60015A6DA /* CountryResponse.swift */ = {isa = PBXFileReference; lastKnownFileType = sourcecode.swift; path = CountryResponse.swift; sourceTree = "<group>"; };
		4391A52D20D141300015A6DA /* EnumPicker.swift */ = {isa = PBXFileReference; lastKnownFileType = sourcecode.swift; path = EnumPicker.swift; sourceTree = "<group>"; };
		4391A52F20D159190015A6DA /* RegistrationEntry.swift */ = {isa = PBXFileReference; lastKnownFileType = sourcecode.swift; path = RegistrationEntry.swift; sourceTree = "<group>"; };
		4391A53120D170420015A6DA /* CountryListResponse.swift */ = {isa = PBXFileReference; lastKnownFileType = sourcecode.swift; path = CountryListResponse.swift; sourceTree = "<group>"; };
		4391A53320D175D40015A6DA /* SalutationsResponse.swift */ = {isa = PBXFileReference; lastKnownFileType = sourcecode.swift; path = SalutationsResponse.swift; sourceTree = "<group>"; };
		43920D992057EECA0040003C /* CardView.swift */ = {isa = PBXFileReference; lastKnownFileType = sourcecode.swift; path = CardView.swift; sourceTree = "<group>"; };
		4394911B20BEB845008D4FA2 /* SettingsViewModel.swift */ = {isa = PBXFileReference; lastKnownFileType = sourcecode.swift; path = SettingsViewModel.swift; sourceTree = "<group>"; };
		4394911D20BEBDFA008D4FA2 /* SettingsCoordinator.swift */ = {isa = PBXFileReference; lastKnownFileType = sourcecode.swift; path = SettingsCoordinator.swift; sourceTree = "<group>"; };
		43973A8B20BD4B87000145DD /* TFAGeneration.swift */ = {isa = PBXFileReference; lastKnownFileType = sourcecode.swift; path = TFAGeneration.swift; sourceTree = "<group>"; };
		439C476D20D6770900C5DC97 /* AvatarTableViewCell.swift */ = {isa = PBXFileReference; lastKnownFileType = sourcecode.swift; path = AvatarTableViewCell.swift; sourceTree = "<group>"; };
		43A8633720A9F0E6007C46E2 /* LoginStep2Response.swift */ = {isa = PBXFileReference; lastKnownFileType = sourcecode.swift; path = LoginStep2Response.swift; sourceTree = "<group>"; };
		43C6377920BEFF2B00498FC5 /* ReLoginViewController.swift */ = {isa = PBXFileReference; lastKnownFileType = sourcecode.swift; path = ReLoginViewController.swift; sourceTree = "<group>"; };
		43D131E120569950000483C4 /* HomeViewController.swift */ = {isa = PBXFileReference; fileEncoding = 4; lastKnownFileType = sourcecode.swift; path = HomeViewController.swift; sourceTree = "<group>"; };
		43D131E32056D439000483C4 /* CardTableViewCell.swift */ = {isa = PBXFileReference; fileEncoding = 4; lastKnownFileType = sourcecode.swift; path = CardTableViewCell.swift; sourceTree = "<group>"; };
		43D131E52056E3BD000483C4 /* CardViewModel.swift */ = {isa = PBXFileReference; lastKnownFileType = sourcecode.swift; path = CardViewModel.swift; sourceTree = "<group>"; };
		43D131E72056EAC6000483C4 /* ChartCard.swift */ = {isa = PBXFileReference; lastKnownFileType = sourcecode.swift; path = ChartCard.swift; sourceTree = "<group>"; };
		43D7A774205A84B300238E29 /* R.generated.swift */ = {isa = PBXFileReference; fileEncoding = 4; lastKnownFileType = sourcecode.swift; path = R.generated.swift; sourceTree = "<group>"; };
		43D7A778205A892E00238E29 /* en */ = {isa = PBXFileReference; lastKnownFileType = text.plist.strings; name = en; path = en.lproj/Localizable.strings; sourceTree = "<group>"; };
		43D7A77A205A892E00238E29 /* en */ = {isa = PBXFileReference; lastKnownFileType = text.plist.strings; name = en; path = en.lproj/Common.strings; sourceTree = "<group>"; };
		43D7A77D205A90CC00238E29 /* MenuCoordinator.swift */ = {isa = PBXFileReference; lastKnownFileType = sourcecode.swift; path = MenuCoordinator.swift; sourceTree = "<group>"; };
		43E13E8720D97DA000409129 /* WalletCard.swift */ = {isa = PBXFileReference; lastKnownFileType = sourcecode.swift; path = WalletCard.swift; sourceTree = "<group>"; };
		43ECA9C9208B3C4400CB571E /* RegistrationViewModel.swift */ = {isa = PBXFileReference; lastKnownFileType = sourcecode.swift; path = RegistrationViewModel.swift; sourceTree = "<group>"; };
		43ECA9CB208B530000CB571E /* RegistrationTableViewCell.swift */ = {isa = PBXFileReference; lastKnownFileType = sourcecode.swift; path = RegistrationTableViewCell.swift; sourceTree = "<group>"; };
		43EFF203204939F700B1887C /* UIColor+Utils.swift */ = {isa = PBXFileReference; lastKnownFileType = sourcecode.swift; path = "UIColor+Utils.swift"; sourceTree = "<group>"; };
		43EFF20520493B4900B1887C /* Stylesheet.swift */ = {isa = PBXFileReference; lastKnownFileType = sourcecode.swift; path = Stylesheet.swift; sourceTree = "<group>"; };
		43F55646204FEDB200FD32E0 /* Info.plist */ = {isa = PBXFileReference; fileEncoding = 4; lastKnownFileType = text.plist.xml; path = Info.plist; sourceTree = "<group>"; };
		43F74606209494AC003EB5FD /* RegistrationResponse.swift */ = {isa = PBXFileReference; lastKnownFileType = sourcecode.swift; path = RegistrationResponse.swift; sourceTree = "<group>"; };
		43FA7D3420B45CA3006BD513 /* EmailConfirmationViewController.swift */ = {isa = PBXFileReference; lastKnownFileType = sourcecode.swift; path = EmailConfirmationViewController.swift; sourceTree = "<group>"; };
		43FA7D3620B46157006BD513 /* EmailConfirmationViewModel.swift */ = {isa = PBXFileReference; lastKnownFileType = sourcecode.swift; path = EmailConfirmationViewModel.swift; sourceTree = "<group>"; };
		43FA7D3820B4924B006BD513 /* EmailConfirmationCoordinator.swift */ = {isa = PBXFileReference; lastKnownFileType = sourcecode.swift; path = EmailConfirmationCoordinator.swift; sourceTree = "<group>"; };
		43FBEE442062853A004E2BB1 /* ScanViewController.swift */ = {isa = PBXFileReference; lastKnownFileType = sourcecode.swift; path = ScanViewController.swift; sourceTree = "<group>"; };
		5574BAE2E933EA9DF790439C /* Pods-Lumenshine.development.xcconfig */ = {isa = PBXFileReference; includeInIndex = 1; lastKnownFileType = text.xcconfig; name = "Pods-Lumenshine.development.xcconfig"; path = "Pods/Target Support Files/Pods-Lumenshine/Pods-Lumenshine.development.xcconfig"; sourceTree = "<group>"; };
		71693C4C31281DE86DD6B9A3 /* Pods_Lumenshine.framework */ = {isa = PBXFileReference; explicitFileType = wrapper.framework; includeInIndex = 0; path = Pods_Lumenshine.framework; sourceTree = BUILT_PRODUCTS_DIR; };
		7435EA6C20BACE71008CC667 /* ForgotPasswordCoordinator.swift */ = {isa = PBXFileReference; lastKnownFileType = sourcecode.swift; path = ForgotPasswordCoordinator.swift; sourceTree = "<group>"; };
		7435EA6E20BAD124008CC667 /* ForgotPasswordViewModel.swift */ = {isa = PBXFileReference; lastKnownFileType = sourcecode.swift; path = ForgotPasswordViewModel.swift; sourceTree = "<group>"; };
		7435EA7020BAD452008CC667 /* ForgotPasswordViewController.swift */ = {isa = PBXFileReference; lastKnownFileType = sourcecode.swift; path = ForgotPasswordViewController.swift; sourceTree = "<group>"; };
		7435EA7120BAD452008CC667 /* ForgotPasswordViewController.xib */ = {isa = PBXFileReference; lastKnownFileType = file.xib; path = ForgotPasswordViewController.xib; sourceTree = "<group>"; };
		7435EA7420BAD95F008CC667 /* String+Utils.swift */ = {isa = PBXFileReference; lastKnownFileType = sourcecode.swift; path = "String+Utils.swift"; sourceTree = "<group>"; };
		7435EA7620BADF2C008CC667 /* UIViewController+Utils.swift */ = {isa = PBXFileReference; lastKnownFileType = sourcecode.swift; path = "UIViewController+Utils.swift"; sourceTree = "<group>"; };
		7445E9C12019CF7200470E0A /* Lumenshine.app */ = {isa = PBXFileReference; explicitFileType = wrapper.application; includeInIndex = 0; path = Lumenshine.app; sourceTree = BUILT_PRODUCTS_DIR; };
		7445E9C42019CF7200470E0A /* AppDelegate.swift */ = {isa = PBXFileReference; lastKnownFileType = sourcecode.swift; path = AppDelegate.swift; sourceTree = "<group>"; };
		7445E9CB2019CF7200470E0A /* Assets.xcassets */ = {isa = PBXFileReference; lastKnownFileType = folder.assetcatalog; path = Assets.xcassets; sourceTree = "<group>"; };
		7445E9CE2019CF7200470E0A /* Base */ = {isa = PBXFileReference; lastKnownFileType = file.storyboard; name = Base; path = Base.lproj/LaunchScreen.storyboard; sourceTree = "<group>"; };
		744DE2D620BD7A8A003BC216 /* UIDevice+Additions.swift */ = {isa = PBXFileReference; lastKnownFileType = sourcecode.swift; path = "UIDevice+Additions.swift"; sourceTree = "<group>"; };
		744DE2D820BD7F10003BC216 /* Lost2faCoordinator.swift */ = {isa = PBXFileReference; lastKnownFileType = sourcecode.swift; path = Lost2faCoordinator.swift; sourceTree = "<group>"; };
		744DE2DB20BD7FAE003BC216 /* Lost2faViewController.swift */ = {isa = PBXFileReference; lastKnownFileType = sourcecode.swift; path = Lost2faViewController.swift; sourceTree = "<group>"; };
		744DE2DC20BD7FAE003BC216 /* Lost2faViewController.xib */ = {isa = PBXFileReference; lastKnownFileType = file.xib; path = Lost2faViewController.xib; sourceTree = "<group>"; };
		744DE2DF20BD8006003BC216 /* Lost2faViewModel.swift */ = {isa = PBXFileReference; lastKnownFileType = sourcecode.swift; path = Lost2faViewModel.swift; sourceTree = "<group>"; };
		86AD752FAE592CDE9EE0B508 /* Pods_LumenshineTests.framework */ = {isa = PBXFileReference; explicitFileType = wrapper.framework; includeInIndex = 0; path = Pods_LumenshineTests.framework; sourceTree = BUILT_PRODUCTS_DIR; };
		86C4736169A0F0ECB469D6F5 /* Pods-Lumenshine.debug.xcconfig */ = {isa = PBXFileReference; includeInIndex = 1; lastKnownFileType = text.xcconfig; name = "Pods-Lumenshine.debug.xcconfig"; path = "Pods/Target Support Files/Pods-Lumenshine/Pods-Lumenshine.debug.xcconfig"; sourceTree = "<group>"; };
		8D09634B08F87C2E656D40A5 /* Pods-LumenshineUITests.release.xcconfig */ = {isa = PBXFileReference; includeInIndex = 1; lastKnownFileType = text.xcconfig; name = "Pods-LumenshineUITests.release.xcconfig"; path = "Pods/Target Support Files/Pods-LumenshineUITests/Pods-LumenshineUITests.release.xcconfig"; sourceTree = "<group>"; };
		A72B81CB0207817B533DDE46 /* Pods-LumenshineUITests.development.xcconfig */ = {isa = PBXFileReference; includeInIndex = 1; lastKnownFileType = text.xcconfig; name = "Pods-LumenshineUITests.development.xcconfig"; path = "Pods/Target Support Files/Pods-LumenshineUITests/Pods-LumenshineUITests.development.xcconfig"; sourceTree = "<group>"; };
		B431B5BD4ED4B7DD18040C99 /* Pods_LumenshineUITests.framework */ = {isa = PBXFileReference; explicitFileType = wrapper.framework; includeInIndex = 0; path = Pods_LumenshineUITests.framework; sourceTree = BUILT_PRODUCTS_DIR; };
		B63BB887F4C2EBEE4A14DBB2 /* Pods-LumenshineTests.release.xcconfig */ = {isa = PBXFileReference; includeInIndex = 1; lastKnownFileType = text.xcconfig; name = "Pods-LumenshineTests.release.xcconfig"; path = "Pods/Target Support Files/Pods-LumenshineTests/Pods-LumenshineTests.release.xcconfig"; sourceTree = "<group>"; };
		D1613AD697C22AFC1B2208F1 /* Pods-LumenshineTests.debug.xcconfig */ = {isa = PBXFileReference; includeInIndex = 1; lastKnownFileType = text.xcconfig; name = "Pods-LumenshineTests.debug.xcconfig"; path = "Pods/Target Support Files/Pods-LumenshineTests/Pods-LumenshineTests.debug.xcconfig"; sourceTree = "<group>"; };
		F3ED2500B87A281883343BB6 /* Pods-Lumenshine.release.xcconfig */ = {isa = PBXFileReference; includeInIndex = 1; lastKnownFileType = text.xcconfig; name = "Pods-Lumenshine.release.xcconfig"; path = "Pods/Target Support Files/Pods-Lumenshine/Pods-Lumenshine.release.xcconfig"; sourceTree = "<group>"; };
		F94E9E5CD8493734F41AC402 /* Pods-LumenshineUITests.debug.xcconfig */ = {isa = PBXFileReference; includeInIndex = 1; lastKnownFileType = text.xcconfig; name = "Pods-LumenshineUITests.debug.xcconfig"; path = "Pods/Target Support Files/Pods-LumenshineUITests/Pods-LumenshineUITests.debug.xcconfig"; sourceTree = "<group>"; };
/* End PBXFileReference section */

/* Begin PBXFrameworksBuildPhase section */
		4360484020AEFCFD00CF781A /* Frameworks */ = {
			isa = PBXFrameworksBuildPhase;
			buildActionMask = 2147483647;
			files = (
				F303E07D4E233BC6EBD70113 /* Pods_LumenshineTests.framework in Frameworks */,
			);
			runOnlyForDeploymentPostprocessing = 0;
		};
		4360484E20AEFD9A00CF781A /* Frameworks */ = {
			isa = PBXFrameworksBuildPhase;
			buildActionMask = 2147483647;
			files = (
				33BC1B0B39134888B13400EA /* Pods_LumenshineUITests.framework in Frameworks */,
			);
			runOnlyForDeploymentPostprocessing = 0;
		};
		7445E9BE2019CF7200470E0A /* Frameworks */ = {
			isa = PBXFrameworksBuildPhase;
			buildActionMask = 2147483647;
			files = (
				8512994BC58C9170B170BDB1 /* Pods_Lumenshine.framework in Frameworks */,
			);
			runOnlyForDeploymentPostprocessing = 0;
		};
/* End PBXFrameworksBuildPhase section */

/* Begin PBXGroup section */
		43044912206BE7A400349B51 /* Mnemonic */ = {
			isa = PBXGroup;
			children = (
				43044913206BE7B400349B51 /* MnemonicViewController.swift */,
				43044915206BE7E800349B51 /* VerificationViewController.swift */,
				43044917206BE85D00349B51 /* PillView.swift */,
			);
			path = Mnemonic;
			sourceTree = "<group>";
		};
		43088DA620879874008AE1AB /* Utils */ = {
			isa = PBXGroup;
			children = (
				43088DA72087987E008AE1AB /* CryptoUtil.swift */,
				43088DA920879AC7008AE1AB /* RandomBytesSequence.swift */,
				4359984C20A492FF00007F27 /* AlertFactory.swift */,
				4359984E20A4A14000007F27 /* UserSecurityHelper.swift */,
				43973A8B20BD4B87000145DD /* TFAGeneration.swift */,
				434E049A20D3DC8A00D3235A /* DateUtils+Format.swift */,
			);
			path = Utils;
			sourceTree = "<group>";
		};
		431437EB2047FEEC00189C83 /* Classes */ = {
			isa = PBXGroup;
			children = (
				4390D572205EC5CF00383BB2 /* Service */,
				4314B9EC204805F6006DBE63 /* AppDelegate */,
				4376F49C204D9DEA00B179C3 /* Coordinators */,
				4376F4A1204D9F5A00B179C3 /* ViewModels */,
				431437EC2047FF1A00189C83 /* Views */,
				4322BA31205BDB5A007FEB5E /* Entities */,
				4314B9EB204805D4006DBE63 /* Framework */,
			);
			path = Classes;
			sourceTree = "<group>";
		};
		431437EC2047FF1A00189C83 /* Views */ = {
			isa = PBXGroup;
			children = (
				744DE2DA20BD7F74003BC216 /* RecoverAccount */,
				4337C4E52081BA6A00F4585A /* Registration */,
				43044912206BE7A400349B51 /* Mnemonic */,
				4370E23B20655F6F004C62C3 /* Settings */,
				4319B17C2063EDFA007CE18D /* Login */,
				43FBEE4320628521004E2BB1 /* Scan */,
				4376F4A4204DA07A00B179C3 /* Home */,
				431437F02047FF7E00189C83 /* Drawer */,
				431437ED2047FF2000189C83 /* Menu */,
			);
			path = Views;
			sourceTree = "<group>";
		};
		431437ED2047FF2000189C83 /* Menu */ = {
			isa = PBXGroup;
			children = (
				431437EE2047FF4500189C83 /* MenuViewController.swift */,
				4314B9F320480813006DBE63 /* MenuViewProtocol.swift */,
				4314B9F8204812BC006DBE63 /* MenuTableViewCell.swift */,
				439C476D20D6770900C5DC97 /* AvatarTableViewCell.swift */,
			);
			path = Menu;
			sourceTree = "<group>";
		};
		431437F02047FF7E00189C83 /* Drawer */ = {
			isa = PBXGroup;
			children = (
				431437F12047FF9100189C83 /* AppNavigationController.swift */,
				431437F32047FFB400189C83 /* AppNavigationDrawerController.swift */,
			);
			path = Drawer;
			sourceTree = "<group>";
		};
		4314B9EB204805D4006DBE63 /* Framework */ = {
			isa = PBXGroup;
			children = (
				4391A52C20D141130015A6DA /* ReusableComponents */,
				43088DA620879874008AE1AB /* Utils */,
				4319B1872063FA22007CE18D /* TouchID */,
				4322BA2C205BD69F007FEB5E /* ServerMock */,
				436B366720512114009F7C21 /* FlexibleHeightBar */,
				438BE840204D51E9007EBFB9 /* HamburgerButton */,
				43EFF1F2204939E300B1887C /* Extensions */,
				4314B9ED20480605006DBE63 /* Resources */,
			);
			path = Framework;
			sourceTree = "<group>";
		};
		4314B9EC204805F6006DBE63 /* AppDelegate */ = {
			isa = PBXGroup;
			children = (
				7445E9C42019CF7200470E0A /* AppDelegate.swift */,
			);
			path = AppDelegate;
			sourceTree = "<group>";
		};
		4314B9ED20480605006DBE63 /* Resources */ = {
			isa = PBXGroup;
			children = (
				4314B9EE2048060F006DBE63 /* MaterialIcon.swift */,
				43EFF20520493B4900B1887C /* Stylesheet.swift */,
			);
			path = Resources;
			sourceTree = "<group>";
		};
		4314B9F02048068B006DBE63 /* Resources */ = {
			isa = PBXGroup;
			children = (
				43D7A776205A892E00238E29 /* Strings */,
				43D7A774205A84B300238E29 /* R.generated.swift */,
				4314B9F1204806E5006DBE63 /* MaterialIcons.bundle */,
			);
			path = Resources;
			sourceTree = "<group>";
		};
		4319B17C2063EDFA007CE18D /* Login */ = {
			isa = PBXGroup;
			children = (
				4319B17D2063EE0E007CE18D /* LoginViewController.swift */,
				43C6377920BEFF2B00498FC5 /* ReLoginViewController.swift */,
			);
			path = Login;
			sourceTree = "<group>";
		};
		4319B1872063FA22007CE18D /* TouchID */ = {
			isa = PBXGroup;
			children = (
				4319B18F2063FA8F007CE18D /* KeychainPasswordItem.swift */,
				4319B1882063FA46007CE18D /* BiometricIDAuth.swift */,
			);
			path = TouchID;
			sourceTree = "<group>";
		};
		4322BA2C205BD69F007FEB5E /* ServerMock */ = {
			isa = PBXGroup;
			children = (
				4322BA2D205BD69F007FEB5E /* ResponseMock.swift */,
				4322BA2E205BD69F007FEB5E /* ServerMock.swift */,
			);
			path = ServerMock;
			sourceTree = "<group>";
		};
		4322BA31205BDB5A007FEB5E /* Entities */ = {
			isa = PBXGroup;
			children = (
				43F746052094948D003EB5FD /* Responses */,
				4322BA32205BDB6E007FEB5E /* CardsResponsesMock.swift */,
				4322BA34205BDD58007FEB5E /* Card.swift */,
				4319B1852063F1B0007CE18D /* User.swift */,
				43088DAD2087AD2A008AE1AB /* UserSecurity.swift */,
				4391A52F20D159190015A6DA /* RegistrationEntry.swift */,
				434E049C20D4154700D3235A /* MenuEntry.swift */,
				431082B120DE426900852502 /* LoginMenuEntry.swift */,
			);
			path = Entities;
			sourceTree = "<group>";
		};
		4337C4E52081BA6A00F4585A /* Registration */ = {
			isa = PBXGroup;
			children = (
				4337C4E62081BAA400F4585A /* RegistrationFormTableViewController.swift */,
				43ECA9CB208B530000CB571E /* RegistrationTableViewCell.swift */,
				431E7A242095B178003A63B3 /* TFARegistrationViewController.swift */,
				43FA7D3420B45CA3006BD513 /* EmailConfirmationViewController.swift */,
			);
			path = Registration;
			sourceTree = "<group>";
		};
		4360484420AEFCFD00CF781A /* LumenshineTests */ = {
			isa = PBXGroup;
			children = (
				4360485C20AEFE1900CF781A /* registration */,
				4360484520AEFCFD00CF781A /* LumenshineTests.swift */,
				4360484720AEFCFD00CF781A /* Info.plist */,
			);
			path = LumenshineTests;
			sourceTree = "<group>";
		};
		4360485220AEFD9A00CF781A /* LumenshineUITests */ = {
			isa = PBXGroup;
			children = (
				4360485320AEFD9A00CF781A /* LumenshineUITests.swift */,
				4360485520AEFD9A00CF781A /* Info.plist */,
			);
			path = LumenshineUITests;
			sourceTree = "<group>";
		};
		4360485C20AEFE1900CF781A /* registration */ = {
			isa = PBXGroup;
			children = (
				4360485D20AEFE1900CF781A /* CreateAccountLocalTestCase.swift */,
			);
			path = registration;
			sourceTree = "<group>";
		};
		436B366720512114009F7C21 /* FlexibleHeightBar */ = {
			isa = PBXGroup;
			children = (
				436B366820512114009F7C21 /* FlexibleHeightBarSubviewLayoutAttributes.swift */,
				436B366920512114009F7C21 /* FlexibleHeightBar.swift */,
				436B366A20512114009F7C21 /* FlexibleHeightBarBehaviorDefiner.swift */,
				436B366B20512114009F7C21 /* FacebookBarBehaviorDefiner.swift */,
				436B366C20512114009F7C21 /* SquareCashBarBehaviorDefiner.swift */,
				436B366D20512114009F7C21 /* TableViewDelegateHandler.swift */,
			);
			path = FlexibleHeightBar;
			sourceTree = "<group>";
		};
		4370E23B20655F6F004C62C3 /* Settings */ = {
			isa = PBXGroup;
			children = (
				4370E23C20655F9C004C62C3 /* SettingsTableViewController.swift */,
				435A1CA820C846EC00CE3365 /* SettingsTableViewCell.swift */,
			);
			path = Settings;
			sourceTree = "<group>";
		};
		4376F49C204D9DEA00B179C3 /* Coordinators */ = {
			isa = PBXGroup;
			children = (
				4376F49F204D9E2700B179C3 /* CoordinatorProtocol.swift */,
				4376F49D204D9DF800B179C3 /* HomeCoordinator.swift */,
				43D7A77D205A90CC00238E29 /* MenuCoordinator.swift */,
				4319B1812063EF72007CE18D /* LoginCoordinator.swift */,
				4384C70B20E27C72000C7201 /* LoginMenuCoordinator.swift */,
				4316ED9C208DE00800A40F97 /* RegistrationCoordinator.swift */,
				431F8AB520A074BA00B1E0F1 /* MnemonicCoordinator.swift */,
				43FA7D3820B4924B006BD513 /* EmailConfirmationCoordinator.swift */,
				7435EA6C20BACE71008CC667 /* ForgotPasswordCoordinator.swift */,
				744DE2D820BD7F10003BC216 /* Lost2faCoordinator.swift */,
				4394911D20BEBDFA008D4FA2 /* SettingsCoordinator.swift */,
				431E7A282095D0E8003A63B3 /* TFARegistrationCoordinator.swift */,
				4301312920C049CB00E47E83 /* ReLoginCoordinator.swift */,
			);
			path = Coordinators;
			sourceTree = "<group>";
		};
		4376F4A1204D9F5A00B179C3 /* ViewModels */ = {
			isa = PBXGroup;
			children = (
				4376F4A2204D9F9D00B179C3 /* HomeViewModel.swift */,
				43D131E52056E3BD000483C4 /* CardViewModel.swift */,
				4319B17F2063EEA9007CE18D /* LoginViewModel.swift */,
				431082AF20DE3F8D00852502 /* LoginMenuViewModel.swift */,
				4319B1832063F00C007CE18D /* MenuViewModel.swift */,
				43ECA9C9208B3C4400CB571E /* RegistrationViewModel.swift */,
				431E7A262095B2C0003A63B3 /* TFARegistrationViewModel.swift */,
				431F8AB320A0586100B1E0F1 /* MnemonicViewModel.swift */,
				43FA7D3620B46157006BD513 /* EmailConfirmationViewModel.swift */,
				7435EA6E20BAD124008CC667 /* ForgotPasswordViewModel.swift */,
				744DE2DF20BD8006003BC216 /* Lost2faViewModel.swift */,
				4394911B20BEB845008D4FA2 /* SettingsViewModel.swift */,
				4386717320DAA77E00459EA8 /* WalletCardViewModel.swift */,
			);
			path = ViewModels;
			sourceTree = "<group>";
		};
		4376F4A4204DA07A00B179C3 /* Home */ = {
			isa = PBXGroup;
			children = (
				43D131E120569950000483C4 /* HomeViewController.swift */,
				43D131E32056D439000483C4 /* CardTableViewCell.swift */,
				436FE5072052634300CFE788 /* WebCard.swift */,
				43D131E72056EAC6000483C4 /* ChartCard.swift */,
				43920D992057EECA0040003C /* CardView.swift */,
				4387980920584335005261C8 /* InternalCard.swift */,
				4322BA25205BAA60007FEB5E /* HeaderMenuViewController.swift */,
				43E13E8720D97DA000409129 /* WalletCard.swift */,
			);
			path = Home;
			sourceTree = "<group>";
		};
		438BE840204D51E9007EBFB9 /* HamburgerButton */ = {
			isa = PBXGroup;
			children = (
				438BE841204D51FD007EBFB9 /* HamburgerButton.swift */,
			);
			path = HamburgerButton;
			sourceTree = "<group>";
		};
		4390D572205EC5CF00383BB2 /* Service */ = {
			isa = PBXGroup;
			children = (
				4390D57B205FA4EF00383BB2 /* HomeService.swift */,
				4390D57D205FA5FC00383BB2 /* BaseService.swift */,
				4390D581205FBD6E00383BB2 /* Services.swift */,
				43088DAB2087AB23008AE1AB /* AuthService.swift */,
			);
			path = Service;
			sourceTree = "<group>";
		};
		4391A52C20D141130015A6DA /* ReusableComponents */ = {
			isa = PBXGroup;
			children = (
				4391A52D20D141300015A6DA /* EnumPicker.swift */,
			);
			path = ReusableComponents;
			sourceTree = "<group>";
		};
		43D7A776205A892E00238E29 /* Strings */ = {
			isa = PBXGroup;
			children = (
				43D7A777205A892E00238E29 /* Localizable.strings */,
				43D7A779205A892E00238E29 /* Common.strings */,
			);
			path = Strings;
			sourceTree = "<group>";
		};
		43EFF1F2204939E300B1887C /* Extensions */ = {
			isa = PBXGroup;
			children = (
				43EFF203204939F700B1887C /* UIColor+Utils.swift */,
				4304491B206BF47400349B51 /* UIView+Shake.swift */,
				43088DAF2087C4B8008AE1AB /* Dictionary+HTTPParams.swift */,
				4359985020A5920200007F27 /* Array+Shuffle.swift */,
				7435EA7420BAD95F008CC667 /* String+Utils.swift */,
				7435EA7620BADF2C008CC667 /* UIViewController+Utils.swift */,
				744DE2D620BD7A8A003BC216 /* UIDevice+Additions.swift */,
			);
			path = Extensions;
			sourceTree = "<group>";
		};
		43F746052094948D003EB5FD /* Responses */ = {
			isa = PBXGroup;
			children = (
				43F74606209494AC003EB5FD /* RegistrationResponse.swift */,
				431628CD2097352B00F23A20 /* TFAResponse.swift */,
				431628CF2097476500F23A20 /* ErrorResponse.swift */,
				4359984A20A438EF00007F27 /* LoginStep1Response.swift */,
				43A8633720A9F0E6007C46E2 /* LoginStep2Response.swift */,
				4391A52A20D139D60015A6DA /* CountryResponse.swift */,
				4391A53120D170420015A6DA /* CountryListResponse.swift */,
				4391A53320D175D40015A6DA /* SalutationsResponse.swift */,
			);
			path = Responses;
			sourceTree = "<group>";
		};
		43FBEE4320628521004E2BB1 /* Scan */ = {
			isa = PBXGroup;
			children = (
				43FBEE442062853A004E2BB1 /* ScanViewController.swift */,
			);
			path = Scan;
			sourceTree = "<group>";
		};
		7445E9B82019CF7200470E0A = {
			isa = PBXGroup;
			children = (
				7445E9C32019CF7200470E0A /* Lumenshine */,
				4360484420AEFCFD00CF781A /* LumenshineTests */,
				4360485220AEFD9A00CF781A /* LumenshineUITests */,
				7445E9C22019CF7200470E0A /* Products */,
				ACF964D475AC3012A3F61AED /* Pods */,
				CBF659DCFBE10EC9B94876BB /* Frameworks */,
			);
			sourceTree = "<group>";
		};
		7445E9C22019CF7200470E0A /* Products */ = {
			isa = PBXGroup;
			children = (
				7445E9C12019CF7200470E0A /* Lumenshine.app */,
				4360484320AEFCFD00CF781A /* LumenshineTests.xctest */,
				4360485120AEFD9A00CF781A /* LumenshineUITests.xctest */,
			);
			name = Products;
			sourceTree = "<group>";
		};
		7445E9C32019CF7200470E0A /* Lumenshine */ = {
			isa = PBXGroup;
			children = (
				435C27C820AEF82000A2E839 /* Lumenshine.entitlements */,
				431437EB2047FEEC00189C83 /* Classes */,
				4314B9F02048068B006DBE63 /* Resources */,
				7445E9CB2019CF7200470E0A /* Assets.xcassets */,
				43F55646204FEDB200FD32E0 /* Info.plist */,
				7445E9CD2019CF7200470E0A /* LaunchScreen.storyboard */,
			);
			path = Lumenshine;
			sourceTree = "<group>";
		};
		744DE2DA20BD7F74003BC216 /* RecoverAccount */ = {
			isa = PBXGroup;
			children = (
				7435EA7020BAD452008CC667 /* ForgotPasswordViewController.swift */,
				7435EA7120BAD452008CC667 /* ForgotPasswordViewController.xib */,
				744DE2DB20BD7FAE003BC216 /* Lost2faViewController.swift */,
				744DE2DC20BD7FAE003BC216 /* Lost2faViewController.xib */,
			);
			path = RecoverAccount;
			sourceTree = "<group>";
		};
		ACF964D475AC3012A3F61AED /* Pods */ = {
			isa = PBXGroup;
			children = (
				86C4736169A0F0ECB469D6F5 /* Pods-Lumenshine.debug.xcconfig */,
				5574BAE2E933EA9DF790439C /* Pods-Lumenshine.development.xcconfig */,
				F3ED2500B87A281883343BB6 /* Pods-Lumenshine.release.xcconfig */,
				D1613AD697C22AFC1B2208F1 /* Pods-LumenshineTests.debug.xcconfig */,
				09AFFFAB5460432C42E18A84 /* Pods-LumenshineTests.development.xcconfig */,
				B63BB887F4C2EBEE4A14DBB2 /* Pods-LumenshineTests.release.xcconfig */,
				F94E9E5CD8493734F41AC402 /* Pods-LumenshineUITests.debug.xcconfig */,
				A72B81CB0207817B533DDE46 /* Pods-LumenshineUITests.development.xcconfig */,
				8D09634B08F87C2E656D40A5 /* Pods-LumenshineUITests.release.xcconfig */,
			);
			name = Pods;
			sourceTree = "<group>";
		};
		CBF659DCFBE10EC9B94876BB /* Frameworks */ = {
			isa = PBXGroup;
			children = (
				71693C4C31281DE86DD6B9A3 /* Pods_Lumenshine.framework */,
				86AD752FAE592CDE9EE0B508 /* Pods_LumenshineTests.framework */,
				B431B5BD4ED4B7DD18040C99 /* Pods_LumenshineUITests.framework */,
			);
			name = Frameworks;
			sourceTree = "<group>";
		};
/* End PBXGroup section */

/* Begin PBXNativeTarget section */
		4360484220AEFCFD00CF781A /* LumenshineTests */ = {
			isa = PBXNativeTarget;
			buildConfigurationList = 4360484A20AEFCFD00CF781A /* Build configuration list for PBXNativeTarget "LumenshineTests" */;
			buildPhases = (
				CD628029C8C4233BF1BE0D22 /* [CP] Check Pods Manifest.lock */,
				4360483F20AEFCFD00CF781A /* Sources */,
				4360484020AEFCFD00CF781A /* Frameworks */,
				4360484120AEFCFD00CF781A /* Resources */,
			);
			buildRules = (
			);
			dependencies = (
				4360484920AEFCFD00CF781A /* PBXTargetDependency */,
			);
			name = LumenshineTests;
			productName = LumenshineTests;
			productReference = 4360484320AEFCFD00CF781A /* LumenshineTests.xctest */;
			productType = "com.apple.product-type.bundle.unit-test";
		};
		4360485020AEFD9A00CF781A /* LumenshineUITests */ = {
			isa = PBXNativeTarget;
			buildConfigurationList = 4360485820AEFD9A00CF781A /* Build configuration list for PBXNativeTarget "LumenshineUITests" */;
			buildPhases = (
				D51D50D9A66B1A952F3DE983 /* [CP] Check Pods Manifest.lock */,
				4360484D20AEFD9A00CF781A /* Sources */,
				4360484E20AEFD9A00CF781A /* Frameworks */,
				4360484F20AEFD9A00CF781A /* Resources */,
			);
			buildRules = (
			);
			dependencies = (
				4360485720AEFD9A00CF781A /* PBXTargetDependency */,
			);
			name = LumenshineUITests;
			productName = LumenshineUITests;
			productReference = 4360485120AEFD9A00CF781A /* LumenshineUITests.xctest */;
			productType = "com.apple.product-type.bundle.ui-testing";
		};
		7445E9C02019CF7200470E0A /* Lumenshine */ = {
			isa = PBXNativeTarget;
			buildConfigurationList = 7445E9E92019CF7300470E0A /* Build configuration list for PBXNativeTarget "Lumenshine" */;
			buildPhases = (
				20574D3B4711A2F4E45F3B56 /* [CP] Check Pods Manifest.lock */,
				7445E9BD2019CF7200470E0A /* Sources */,
				7445E9BE2019CF7200470E0A /* Frameworks */,
				7445E9BF2019CF7200470E0A /* Resources */,
				74DABE68201B1455007FB701 /* CopyFiles */,
				43FF90192059581C00650ED5 /* Compile R.swift resources */,
				9ECB84A6EE5B215F0AD986FE /* [CP] Embed Pods Frameworks */,
			);
			buildRules = (
			);
			dependencies = (
			);
			name = Lumenshine;
			productName = jupiter;
			productReference = 7445E9C12019CF7200470E0A /* Lumenshine.app */;
			productType = "com.apple.product-type.application";
		};
/* End PBXNativeTarget section */

/* Begin PBXProject section */
		7445E9B92019CF7200470E0A /* Project object */ = {
			isa = PBXProject;
			attributes = {
				LastSwiftUpdateCheck = 0930;
				LastUpgradeCheck = 0930;
				ORGANIZATIONNAME = Soneso;
				TargetAttributes = {
					4360484220AEFCFD00CF781A = {
						CreatedOnToolsVersion = 9.3.1;
						ProvisioningStyle = Automatic;
						TestTargetID = 7445E9C02019CF7200470E0A;
					};
					4360485020AEFD9A00CF781A = {
						CreatedOnToolsVersion = 9.3.1;
						ProvisioningStyle = Automatic;
						TestTargetID = 7445E9C02019CF7200470E0A;
					};
					7445E9C02019CF7200470E0A = {
						CreatedOnToolsVersion = 9.2;
						ProvisioningStyle = Automatic;
						SystemCapabilities = {
							com.apple.Push = {
								enabled = 1;
							};
							com.apple.iCloud = {
								enabled = 0;
							};
						};
					};
				};
			};
			buildConfigurationList = 7445E9BC2019CF7200470E0A /* Build configuration list for PBXProject "Lumenshine" */;
			compatibilityVersion = "Xcode 8.0";
			developmentRegion = en;
			hasScannedForEncodings = 0;
			knownRegions = (
				en,
				Base,
			);
			mainGroup = 7445E9B82019CF7200470E0A;
			productRefGroup = 7445E9C22019CF7200470E0A /* Products */;
			projectDirPath = "";
			projectRoot = "";
			targets = (
				7445E9C02019CF7200470E0A /* Lumenshine */,
				4360484220AEFCFD00CF781A /* LumenshineTests */,
				4360485020AEFD9A00CF781A /* LumenshineUITests */,
			);
		};
/* End PBXProject section */

/* Begin PBXResourcesBuildPhase section */
		4360484120AEFCFD00CF781A /* Resources */ = {
			isa = PBXResourcesBuildPhase;
			buildActionMask = 2147483647;
			files = (
			);
			runOnlyForDeploymentPostprocessing = 0;
		};
		4360484F20AEFD9A00CF781A /* Resources */ = {
			isa = PBXResourcesBuildPhase;
			buildActionMask = 2147483647;
			files = (
			);
			runOnlyForDeploymentPostprocessing = 0;
		};
		7445E9BF2019CF7200470E0A /* Resources */ = {
			isa = PBXResourcesBuildPhase;
			buildActionMask = 2147483647;
			files = (
				744DE2DE20BD7FAE003BC216 /* Lost2faViewController.xib in Resources */,
				7435EA7320BAD452008CC667 /* ForgotPasswordViewController.xib in Resources */,
				43D7A77B205A892E00238E29 /* Localizable.strings in Resources */,
				7445E9CF2019CF7200470E0A /* LaunchScreen.storyboard in Resources */,
				7445E9CC2019CF7200470E0A /* Assets.xcassets in Resources */,
				4314B9F2204806E5006DBE63 /* MaterialIcons.bundle in Resources */,
				43D7A77C205A892E00238E29 /* Common.strings in Resources */,
			);
			runOnlyForDeploymentPostprocessing = 0;
		};
/* End PBXResourcesBuildPhase section */

/* Begin PBXShellScriptBuildPhase section */
		20574D3B4711A2F4E45F3B56 /* [CP] Check Pods Manifest.lock */ = {
			isa = PBXShellScriptBuildPhase;
			buildActionMask = 2147483647;
			files = (
			);
			inputPaths = (
				"${PODS_PODFILE_DIR_PATH}/Podfile.lock",
				"${PODS_ROOT}/Manifest.lock",
			);
			name = "[CP] Check Pods Manifest.lock";
			outputPaths = (
				"$(DERIVED_FILE_DIR)/Pods-Lumenshine-checkManifestLockResult.txt",
			);
			runOnlyForDeploymentPostprocessing = 0;
			shellPath = /bin/sh;
			shellScript = "diff \"${PODS_PODFILE_DIR_PATH}/Podfile.lock\" \"${PODS_ROOT}/Manifest.lock\" > /dev/null\nif [ $? != 0 ] ; then\n    # print error to STDERR\n    echo \"error: The sandbox is not in sync with the Podfile.lock. Run 'pod install' or update your CocoaPods installation.\" >&2\n    exit 1\nfi\n# This output is used by Xcode 'outputs' to avoid re-running this script phase.\necho \"SUCCESS\" > \"${SCRIPT_OUTPUT_FILE_0}\"\n";
			showEnvVarsInLog = 0;
		};
		43FF90192059581C00650ED5 /* Compile R.swift resources */ = {
			isa = PBXShellScriptBuildPhase;
			buildActionMask = 2147483647;
			files = (
			);
			inputPaths = (
			);
			name = "Compile R.swift resources";
			outputPaths = (
			);
			runOnlyForDeploymentPostprocessing = 0;
			shellPath = /bin/sh;
			shellScript = "\"$PODS_ROOT/R.swift/rswift\" generate \"$SRCROOT/$PRODUCT_NAME/Resources/\"";
		};
		9ECB84A6EE5B215F0AD986FE /* [CP] Embed Pods Frameworks */ = {
			isa = PBXShellScriptBuildPhase;
			buildActionMask = 2147483647;
			files = (
			);
			inputPaths = (
				"${SRCROOT}/Pods/Target Support Files/Pods-Lumenshine/Pods-Lumenshine-frameworks.sh",
				"${BUILT_PRODUCTS_DIR}/Base32/Base32.framework",
				"${BUILT_PRODUCTS_DIR}/Charts/Charts.framework",
				"${BUILT_PRODUCTS_DIR}/DGElasticPullToRefresh/DGElasticPullToRefresh.framework",
				"${BUILT_PRODUCTS_DIR}/IQKeyboardManagerSwift/IQKeyboardManagerSwift.framework",
				"${BUILT_PRODUCTS_DIR}/KWDrawerController/KWDrawerController.framework",
				"${BUILT_PRODUCTS_DIR}/Material/Material.framework",
				"${BUILT_PRODUCTS_DIR}/Motion/Motion.framework",
				"${BUILT_PRODUCTS_DIR}/OneTimePassword/OneTimePassword.framework",
				"${BUILT_PRODUCTS_DIR}/R.swift.Library/Rswift.framework",
				"${BUILT_PRODUCTS_DIR}/SnapKit/SnapKit.framework",
				"${BUILT_PRODUCTS_DIR}/SwiftRichString/SwiftRichString.framework",
				"${BUILT_PRODUCTS_DIR}/stellar-ios-mac-sdk/stellarsdk.framework",
			);
			name = "[CP] Embed Pods Frameworks";
			outputPaths = (
				"${TARGET_BUILD_DIR}/${FRAMEWORKS_FOLDER_PATH}/Base32.framework",
				"${TARGET_BUILD_DIR}/${FRAMEWORKS_FOLDER_PATH}/Charts.framework",
				"${TARGET_BUILD_DIR}/${FRAMEWORKS_FOLDER_PATH}/DGElasticPullToRefresh.framework",
				"${TARGET_BUILD_DIR}/${FRAMEWORKS_FOLDER_PATH}/IQKeyboardManagerSwift.framework",
				"${TARGET_BUILD_DIR}/${FRAMEWORKS_FOLDER_PATH}/KWDrawerController.framework",
				"${TARGET_BUILD_DIR}/${FRAMEWORKS_FOLDER_PATH}/Material.framework",
				"${TARGET_BUILD_DIR}/${FRAMEWORKS_FOLDER_PATH}/Motion.framework",
				"${TARGET_BUILD_DIR}/${FRAMEWORKS_FOLDER_PATH}/OneTimePassword.framework",
				"${TARGET_BUILD_DIR}/${FRAMEWORKS_FOLDER_PATH}/Rswift.framework",
				"${TARGET_BUILD_DIR}/${FRAMEWORKS_FOLDER_PATH}/SnapKit.framework",
				"${TARGET_BUILD_DIR}/${FRAMEWORKS_FOLDER_PATH}/SwiftRichString.framework",
				"${TARGET_BUILD_DIR}/${FRAMEWORKS_FOLDER_PATH}/stellarsdk.framework",
			);
			runOnlyForDeploymentPostprocessing = 0;
			shellPath = /bin/sh;
			shellScript = "\"${SRCROOT}/Pods/Target Support Files/Pods-Lumenshine/Pods-Lumenshine-frameworks.sh\"\n";
			showEnvVarsInLog = 0;
		};
		CD628029C8C4233BF1BE0D22 /* [CP] Check Pods Manifest.lock */ = {
			isa = PBXShellScriptBuildPhase;
			buildActionMask = 2147483647;
			files = (
			);
			inputPaths = (
				"${PODS_PODFILE_DIR_PATH}/Podfile.lock",
				"${PODS_ROOT}/Manifest.lock",
			);
			name = "[CP] Check Pods Manifest.lock";
			outputPaths = (
				"$(DERIVED_FILE_DIR)/Pods-LumenshineTests-checkManifestLockResult.txt",
			);
			runOnlyForDeploymentPostprocessing = 0;
			shellPath = /bin/sh;
			shellScript = "diff \"${PODS_PODFILE_DIR_PATH}/Podfile.lock\" \"${PODS_ROOT}/Manifest.lock\" > /dev/null\nif [ $? != 0 ] ; then\n    # print error to STDERR\n    echo \"error: The sandbox is not in sync with the Podfile.lock. Run 'pod install' or update your CocoaPods installation.\" >&2\n    exit 1\nfi\n# This output is used by Xcode 'outputs' to avoid re-running this script phase.\necho \"SUCCESS\" > \"${SCRIPT_OUTPUT_FILE_0}\"\n";
			showEnvVarsInLog = 0;
		};
		D51D50D9A66B1A952F3DE983 /* [CP] Check Pods Manifest.lock */ = {
			isa = PBXShellScriptBuildPhase;
			buildActionMask = 2147483647;
			files = (
			);
			inputPaths = (
				"${PODS_PODFILE_DIR_PATH}/Podfile.lock",
				"${PODS_ROOT}/Manifest.lock",
			);
			name = "[CP] Check Pods Manifest.lock";
			outputPaths = (
				"$(DERIVED_FILE_DIR)/Pods-LumenshineUITests-checkManifestLockResult.txt",
			);
			runOnlyForDeploymentPostprocessing = 0;
			shellPath = /bin/sh;
			shellScript = "diff \"${PODS_PODFILE_DIR_PATH}/Podfile.lock\" \"${PODS_ROOT}/Manifest.lock\" > /dev/null\nif [ $? != 0 ] ; then\n    # print error to STDERR\n    echo \"error: The sandbox is not in sync with the Podfile.lock. Run 'pod install' or update your CocoaPods installation.\" >&2\n    exit 1\nfi\n# This output is used by Xcode 'outputs' to avoid re-running this script phase.\necho \"SUCCESS\" > \"${SCRIPT_OUTPUT_FILE_0}\"\n";
			showEnvVarsInLog = 0;
		};
/* End PBXShellScriptBuildPhase section */

/* Begin PBXSourcesBuildPhase section */
		4360483F20AEFCFD00CF781A /* Sources */ = {
			isa = PBXSourcesBuildPhase;
			buildActionMask = 2147483647;
			files = (
				4360486020AEFEA400CF781A /* CreateAccountLocalTestCase.swift in Sources */,
				4360484620AEFCFD00CF781A /* LumenshineTests.swift in Sources */,
			);
			runOnlyForDeploymentPostprocessing = 0;
		};
		4360484D20AEFD9A00CF781A /* Sources */ = {
			isa = PBXSourcesBuildPhase;
			buildActionMask = 2147483647;
			files = (
				4360485420AEFD9A00CF781A /* LumenshineUITests.swift in Sources */,
			);
			runOnlyForDeploymentPostprocessing = 0;
		};
		7445E9BD2019CF7200470E0A /* Sources */ = {
			isa = PBXSourcesBuildPhase;
			buildActionMask = 2147483647;
			files = (
				4322BA26205BAA60007FEB5E /* HeaderMenuViewController.swift in Sources */,
				4359984D20A492FF00007F27 /* AlertFactory.swift in Sources */,
				4387980A20584335005261C8 /* InternalCard.swift in Sources */,
				7435EA7720BADF2C008CC667 /* UIViewController+Utils.swift in Sources */,
				4359985120A5920200007F27 /* Array+Shuffle.swift in Sources */,
				43ECA9CC208B530000CB571E /* RegistrationTableViewCell.swift in Sources */,
				4391A53420D175D40015A6DA /* SalutationsResponse.swift in Sources */,
				43D131E42056D439000483C4 /* CardTableViewCell.swift in Sources */,
				43EFF204204939F700B1887C /* UIColor+Utils.swift in Sources */,
				431E7A252095B178003A63B3 /* TFARegistrationViewController.swift in Sources */,
				4376F49E204D9DF800B179C3 /* HomeCoordinator.swift in Sources */,
				43044914206BE7B400349B51 /* MnemonicViewController.swift in Sources */,
				4394911E20BEBDFA008D4FA2 /* SettingsCoordinator.swift in Sources */,
				4319B1902063FA8F007CE18D /* KeychainPasswordItem.swift in Sources */,
				4319B1892063FA46007CE18D /* BiometricIDAuth.swift in Sources */,
				431437F22047FF9100189C83 /* AppNavigationController.swift in Sources */,
				4314B9F9204812BC006DBE63 /* MenuTableViewCell.swift in Sources */,
				43088DA82087987E008AE1AB /* CryptoUtil.swift in Sources */,
				4359984F20A4A14000007F27 /* UserSecurityHelper.swift in Sources */,
				7435EA6F20BAD124008CC667 /* ForgotPasswordViewModel.swift in Sources */,
				43044918206BE85D00349B51 /* PillView.swift in Sources */,
				431437F42047FFB400189C83 /* AppNavigationDrawerController.swift in Sources */,
				4314B9EF2048060F006DBE63 /* MaterialIcon.swift in Sources */,
				43088DAA20879AC7008AE1AB /* RandomBytesSequence.swift in Sources */,
				43D131E82056EAC6000483C4 /* ChartCard.swift in Sources */,
				4376F4A0204D9E2700B179C3 /* CoordinatorProtocol.swift in Sources */,
				4322BA30205BD69F007FEB5E /* ServerMock.swift in Sources */,
				4394911C20BEB845008D4FA2 /* SettingsViewModel.swift in Sources */,
				4337C4E72081BAA400F4585A /* RegistrationFormTableViewController.swift in Sources */,
				4390D57E205FA5FC00383BB2 /* BaseService.swift in Sources */,
				744DE2D720BD7A8A003BC216 /* UIDevice+Additions.swift in Sources */,
				431F8AB420A0586100B1E0F1 /* MnemonicViewModel.swift in Sources */,
				431628CE2097352B00F23A20 /* TFAResponse.swift in Sources */,
				744DE2D920BD7F10003BC216 /* Lost2faCoordinator.swift in Sources */,
				43E13E8820D97DA000409129 /* WalletCard.swift in Sources */,
				4316ED9D208DE00800A40F97 /* RegistrationCoordinator.swift in Sources */,
				438BE842204D51FD007EBFB9 /* HamburgerButton.swift in Sources */,
				431082B020DE3F8D00852502 /* LoginMenuViewModel.swift in Sources */,
				431628D02097476500F23A20 /* ErrorResponse.swift in Sources */,
				43FA7D3720B46157006BD513 /* EmailConfirmationViewModel.swift in Sources */,
				43088DAC2087AB23008AE1AB /* AuthService.swift in Sources */,
				43ECA9CA208B3C4400CB571E /* RegistrationViewModel.swift in Sources */,
				4301312A20C049CB00E47E83 /* ReLoginCoordinator.swift in Sources */,
				4319B1842063F00C007CE18D /* MenuViewModel.swift in Sources */,
				4359984B20A438EF00007F27 /* LoginStep1Response.swift in Sources */,
				43C6377A20BEFF2B00498FC5 /* ReLoginViewController.swift in Sources */,
				43D7A77E205A90CC00238E29 /* MenuCoordinator.swift in Sources */,
				436FE5082052634300CFE788 /* WebCard.swift in Sources */,
				436B366F20512114009F7C21 /* FlexibleHeightBar.swift in Sources */,
				4319B1822063EF72007CE18D /* LoginCoordinator.swift in Sources */,
				434E049B20D3DC8A00D3235A /* DateUtils+Format.swift in Sources */,
				4391A53220D170420015A6DA /* CountryListResponse.swift in Sources */,
				431082B220DE426900852502 /* LoginMenuEntry.swift in Sources */,
				43088DB02087C4B8008AE1AB /* Dictionary+HTTPParams.swift in Sources */,
				431F8AB620A074BA00B1E0F1 /* MnemonicCoordinator.swift in Sources */,
				4390D57C205FA4EF00383BB2 /* HomeService.swift in Sources */,
				4391A52E20D141300015A6DA /* EnumPicker.swift in Sources */,
				43FBEE452062853A004E2BB1 /* ScanViewController.swift in Sources */,
				4376F4A3204D9F9D00B179C3 /* HomeViewModel.swift in Sources */,
				43D7A775205A84B300238E29 /* R.generated.swift in Sources */,
				4322BA2F205BD69F007FEB5E /* ResponseMock.swift in Sources */,
				4384C70C20E27C72000C7201 /* LoginMenuCoordinator.swift in Sources */,
				43D131E220569950000483C4 /* HomeViewController.swift in Sources */,
				4319B17E2063EE0E007CE18D /* LoginViewController.swift in Sources */,
				43FA7D3920B4924B006BD513 /* EmailConfirmationCoordinator.swift in Sources */,
				436B367320512114009F7C21 /* TableViewDelegateHandler.swift in Sources */,
				43F74607209494AC003EB5FD /* RegistrationResponse.swift in Sources */,
				439C476E20D6770900C5DC97 /* AvatarTableViewCell.swift in Sources */,
				43973A8C20BD4B87000145DD /* TFAGeneration.swift in Sources */,
				4314B9F420480813006DBE63 /* MenuViewProtocol.swift in Sources */,
				7435EA6D20BACE71008CC667 /* ForgotPasswordCoordinator.swift in Sources */,
				4322BA35205BDD58007FEB5E /* Card.swift in Sources */,
				4391A52B20D139D60015A6DA /* CountryResponse.swift in Sources */,
				4319B1802063EEA9007CE18D /* LoginViewModel.swift in Sources */,
				43920D9A2057EECA0040003C /* CardView.swift in Sources */,
				7435EA7220BAD452008CC667 /* ForgotPasswordViewController.swift in Sources */,
				436B366E20512114009F7C21 /* FlexibleHeightBarSubviewLayoutAttributes.swift in Sources */,
				43EFF20620493B4900B1887C /* Stylesheet.swift in Sources */,
				436B367120512114009F7C21 /* FacebookBarBehaviorDefiner.swift in Sources */,
				436B367020512114009F7C21 /* FlexibleHeightBarBehaviorDefiner.swift in Sources */,
				43D131E62056E3BD000483C4 /* CardViewModel.swift in Sources */,
				431E7A292095D0E8003A63B3 /* TFARegistrationCoordinator.swift in Sources */,
				43088DAE2087AD2A008AE1AB /* UserSecurity.swift in Sources */,
				431437EF2047FF4500189C83 /* MenuViewController.swift in Sources */,
				4322BA33205BDB6E007FEB5E /* CardsResponsesMock.swift in Sources */,
				744DE2E020BD8006003BC216 /* Lost2faViewModel.swift in Sources */,
				4386717420DAA77E00459EA8 /* WalletCardViewModel.swift in Sources */,
				434E049D20D4154700D3235A /* MenuEntry.swift in Sources */,
				435A1CA920C846EC00CE3365 /* SettingsTableViewCell.swift in Sources */,
				43044916206BE7E800349B51 /* VerificationViewController.swift in Sources */,
				7435EA7520BAD95F008CC667 /* String+Utils.swift in Sources */,
				431E7A272095B2C0003A63B3 /* TFARegistrationViewModel.swift in Sources */,
				43FA7D3520B45CA3006BD513 /* EmailConfirmationViewController.swift in Sources */,
				4391A53020D159190015A6DA /* RegistrationEntry.swift in Sources */,
				4304491C206BF47400349B51 /* UIView+Shake.swift in Sources */,
				4390D582205FBD6E00383BB2 /* Services.swift in Sources */,
				744DE2DD20BD7FAE003BC216 /* Lost2faViewController.swift in Sources */,
				7445E9C52019CF7200470E0A /* AppDelegate.swift in Sources */,
				436B367220512114009F7C21 /* SquareCashBarBehaviorDefiner.swift in Sources */,
				43A8633820A9F0E6007C46E2 /* LoginStep2Response.swift in Sources */,
				4370E23D20655F9C004C62C3 /* SettingsTableViewController.swift in Sources */,
				4319B1862063F1B0007CE18D /* User.swift in Sources */,
			);
			runOnlyForDeploymentPostprocessing = 0;
		};
/* End PBXSourcesBuildPhase section */

/* Begin PBXTargetDependency section */
		4360484920AEFCFD00CF781A /* PBXTargetDependency */ = {
			isa = PBXTargetDependency;
			target = 7445E9C02019CF7200470E0A /* Lumenshine */;
			targetProxy = 4360484820AEFCFD00CF781A /* PBXContainerItemProxy */;
		};
		4360485720AEFD9A00CF781A /* PBXTargetDependency */ = {
			isa = PBXTargetDependency;
			target = 7445E9C02019CF7200470E0A /* Lumenshine */;
			targetProxy = 4360485620AEFD9A00CF781A /* PBXContainerItemProxy */;
		};
/* End PBXTargetDependency section */

/* Begin PBXVariantGroup section */
		43D7A777205A892E00238E29 /* Localizable.strings */ = {
			isa = PBXVariantGroup;
			children = (
				43D7A778205A892E00238E29 /* en */,
			);
			name = Localizable.strings;
			sourceTree = "<group>";
		};
		43D7A779205A892E00238E29 /* Common.strings */ = {
			isa = PBXVariantGroup;
			children = (
				43D7A77A205A892E00238E29 /* en */,
			);
			name = Common.strings;
			sourceTree = "<group>";
		};
		7445E9CD2019CF7200470E0A /* LaunchScreen.storyboard */ = {
			isa = PBXVariantGroup;
			children = (
				7445E9CE2019CF7200470E0A /* Base */,
			);
			name = LaunchScreen.storyboard;
			sourceTree = "<group>";
		};
/* End PBXVariantGroup section */

/* Begin XCBuildConfiguration section */
		4360484B20AEFCFD00CF781A /* Debug */ = {
			isa = XCBuildConfiguration;
			baseConfigurationReference = D1613AD697C22AFC1B2208F1 /* Pods-LumenshineTests.debug.xcconfig */;
			buildSettings = {
				BUNDLE_LOADER = "$(TEST_HOST)";
				CLANG_ENABLE_OBJC_WEAK = YES;
				CODE_SIGN_STYLE = Automatic;
				DEVELOPMENT_TEAM = QN6AY4TH84;
				INFOPLIST_FILE = LumenshineTests/Info.plist;
				IPHONEOS_DEPLOYMENT_TARGET = 11.3;
				LD_RUNPATH_SEARCH_PATHS = "$(inherited) @executable_path/Frameworks @loader_path/Frameworks";
				PRODUCT_BUNDLE_IDENTIFIER = com.mycompany.LumenshineTests;
				PRODUCT_NAME = "$(TARGET_NAME)";
				SWIFT_VERSION = 4.0;
				TARGETED_DEVICE_FAMILY = "1,2";
				TEST_HOST = "$(BUILT_PRODUCTS_DIR)/Lumenshine.app/Lumenshine";
			};
			name = Debug;
		};
		4360484C20AEFCFD00CF781A /* Release */ = {
			isa = XCBuildConfiguration;
			baseConfigurationReference = B63BB887F4C2EBEE4A14DBB2 /* Pods-LumenshineTests.release.xcconfig */;
			buildSettings = {
				BUNDLE_LOADER = "$(TEST_HOST)";
				CLANG_ENABLE_OBJC_WEAK = YES;
				CODE_SIGN_STYLE = Automatic;
				DEVELOPMENT_TEAM = QN6AY4TH84;
				INFOPLIST_FILE = LumenshineTests/Info.plist;
				IPHONEOS_DEPLOYMENT_TARGET = 11.3;
				LD_RUNPATH_SEARCH_PATHS = "$(inherited) @executable_path/Frameworks @loader_path/Frameworks";
				PRODUCT_BUNDLE_IDENTIFIER = com.mycompany.LumenshineTests;
				PRODUCT_NAME = "$(TARGET_NAME)";
				SWIFT_VERSION = 4.0;
				TARGETED_DEVICE_FAMILY = "1,2";
				TEST_HOST = "$(BUILT_PRODUCTS_DIR)/Lumenshine.app/Lumenshine";
			};
			name = Release;
		};
		4360485920AEFD9A00CF781A /* Debug */ = {
			isa = XCBuildConfiguration;
			baseConfigurationReference = F94E9E5CD8493734F41AC402 /* Pods-LumenshineUITests.debug.xcconfig */;
			buildSettings = {
				CLANG_ENABLE_OBJC_WEAK = YES;
				CODE_SIGN_STYLE = Automatic;
				DEVELOPMENT_TEAM = QN6AY4TH84;
				INFOPLIST_FILE = LumenshineUITests/Info.plist;
				IPHONEOS_DEPLOYMENT_TARGET = 11.3;
				LD_RUNPATH_SEARCH_PATHS = "$(inherited) @executable_path/Frameworks @loader_path/Frameworks";
				PRODUCT_BUNDLE_IDENTIFIER = com.mycompany.LumenshineUITests;
				PRODUCT_NAME = "$(TARGET_NAME)";
				SWIFT_VERSION = 4.0;
				TARGETED_DEVICE_FAMILY = "1,2";
				TEST_TARGET_NAME = Lumenshine;
			};
			name = Debug;
		};
		4360485A20AEFD9A00CF781A /* Release */ = {
			isa = XCBuildConfiguration;
			baseConfigurationReference = 8D09634B08F87C2E656D40A5 /* Pods-LumenshineUITests.release.xcconfig */;
			buildSettings = {
				CLANG_ENABLE_OBJC_WEAK = YES;
				CODE_SIGN_STYLE = Automatic;
				DEVELOPMENT_TEAM = QN6AY4TH84;
				INFOPLIST_FILE = LumenshineUITests/Info.plist;
				IPHONEOS_DEPLOYMENT_TARGET = 11.3;
				LD_RUNPATH_SEARCH_PATHS = "$(inherited) @executable_path/Frameworks @loader_path/Frameworks";
				PRODUCT_BUNDLE_IDENTIFIER = com.mycompany.LumenshineUITests;
				PRODUCT_NAME = "$(TARGET_NAME)";
				SWIFT_VERSION = 4.0;
				TARGETED_DEVICE_FAMILY = "1,2";
				TEST_TARGET_NAME = Lumenshine;
			};
			name = Release;
		};
		7435EA7820BBE02B008CC667 /* Development */ = {
			isa = XCBuildConfiguration;
			buildSettings = {
				ALWAYS_SEARCH_USER_PATHS = NO;
				CLANG_ANALYZER_NONNULL = YES;
				CLANG_ANALYZER_NUMBER_OBJECT_CONVERSION = YES_AGGRESSIVE;
				CLANG_CXX_LANGUAGE_STANDARD = "gnu++14";
				CLANG_CXX_LIBRARY = "libc++";
				CLANG_ENABLE_MODULES = YES;
				CLANG_ENABLE_OBJC_ARC = YES;
				CLANG_WARN_BLOCK_CAPTURE_AUTORELEASING = YES;
				CLANG_WARN_BOOL_CONVERSION = YES;
				CLANG_WARN_COMMA = YES;
				CLANG_WARN_CONSTANT_CONVERSION = YES;
				CLANG_WARN_DEPRECATED_OBJC_IMPLEMENTATIONS = YES;
				CLANG_WARN_DIRECT_OBJC_ISA_USAGE = YES_ERROR;
				CLANG_WARN_DOCUMENTATION_COMMENTS = YES;
				CLANG_WARN_EMPTY_BODY = YES;
				CLANG_WARN_ENUM_CONVERSION = YES;
				CLANG_WARN_INFINITE_RECURSION = YES;
				CLANG_WARN_INT_CONVERSION = YES;
				CLANG_WARN_NON_LITERAL_NULL_CONVERSION = YES;
				CLANG_WARN_OBJC_IMPLICIT_RETAIN_SELF = YES;
				CLANG_WARN_OBJC_LITERAL_CONVERSION = YES;
				CLANG_WARN_OBJC_ROOT_CLASS = YES_ERROR;
				CLANG_WARN_RANGE_LOOP_ANALYSIS = YES;
				CLANG_WARN_STRICT_PROTOTYPES = YES;
				CLANG_WARN_SUSPICIOUS_MOVE = YES;
				CLANG_WARN_UNGUARDED_AVAILABILITY = YES_AGGRESSIVE;
				CLANG_WARN_UNREACHABLE_CODE = YES;
				CLANG_WARN__DUPLICATE_METHOD_MATCH = YES;
				CODE_SIGN_IDENTITY = "iPhone Developer";
				COPY_PHASE_STRIP = NO;
				DEBUG_INFORMATION_FORMAT = dwarf;
				ENABLE_STRICT_OBJC_MSGSEND = YES;
				ENABLE_TESTABILITY = YES;
				GCC_C_LANGUAGE_STANDARD = gnu11;
				GCC_DYNAMIC_NO_PIC = NO;
				GCC_NO_COMMON_BLOCKS = YES;
				GCC_OPTIMIZATION_LEVEL = 0;
				GCC_PREPROCESSOR_DEFINITIONS = (
					"DEBUG=1",
					"$(inherited)",
				);
				GCC_WARN_64_TO_32_BIT_CONVERSION = YES;
				GCC_WARN_ABOUT_RETURN_TYPE = YES_ERROR;
				GCC_WARN_UNDECLARED_SELECTOR = YES;
				GCC_WARN_UNINITIALIZED_AUTOS = YES_AGGRESSIVE;
				GCC_WARN_UNUSED_FUNCTION = YES;
				GCC_WARN_UNUSED_VARIABLE = YES;
				IPHONEOS_DEPLOYMENT_TARGET = 11.2;
				MTL_ENABLE_DEBUG_INFO = YES;
				ONLY_ACTIVE_ARCH = YES;
				SDKROOT = iphoneos;
				SWIFT_ACTIVE_COMPILATION_CONDITIONS = DEBUG;
				SWIFT_OPTIMIZATION_LEVEL = "-Onone";
				SWIFT_VERSION = "";
			};
			name = Development;
		};
		7435EA7920BBE02B008CC667 /* Development */ = {
			isa = XCBuildConfiguration;
			baseConfigurationReference = 5574BAE2E933EA9DF790439C /* Pods-Lumenshine.development.xcconfig */;
			buildSettings = {
				ASSETCATALOG_COMPILER_APPICON_NAME = AppIcon;
				CODE_SIGN_ENTITLEMENTS = Lumenshine/Lumenshine.entitlements;
				CODE_SIGN_STYLE = Automatic;
				DEVELOPMENT_TEAM = WZYAY65GLB;
				INFOPLIST_FILE = Lumenshine/Info.plist;
				IPHONEOS_DEPLOYMENT_TARGET = 11.0;
				LD_RUNPATH_SEARCH_PATHS = "$(inherited) @executable_path/Frameworks";
				OTHER_SWIFT_FLAGS = "$(inherited) \"-D\" \"COCOAPODS\"";
				PRODUCT_BUNDLE_IDENTIFIER = com.soneso.stellarr;
				PRODUCT_NAME = "$(TARGET_NAME)";
				SWIFT_ACTIVE_COMPILATION_CONDITIONS = DEVELOPMENT;
				SWIFT_VERSION = 4.0;
				TARGETED_DEVICE_FAMILY = "1,2";
			};
			name = Development;
		};
		7435EA7A20BBE02B008CC667 /* Development */ = {
			isa = XCBuildConfiguration;
			baseConfigurationReference = 09AFFFAB5460432C42E18A84 /* Pods-LumenshineTests.development.xcconfig */;
			buildSettings = {
				BUNDLE_LOADER = "$(TEST_HOST)";
				CLANG_ENABLE_OBJC_WEAK = YES;
				CODE_SIGN_STYLE = Automatic;
				DEVELOPMENT_TEAM = QN6AY4TH84;
				INFOPLIST_FILE = LumenshineTests/Info.plist;
				IPHONEOS_DEPLOYMENT_TARGET = 11.3;
				LD_RUNPATH_SEARCH_PATHS = "$(inherited) @executable_path/Frameworks @loader_path/Frameworks";
				PRODUCT_BUNDLE_IDENTIFIER = com.mycompany.LumenshineTests;
				PRODUCT_NAME = "$(TARGET_NAME)";
				SWIFT_VERSION = 4.0;
				TARGETED_DEVICE_FAMILY = "1,2";
				TEST_HOST = "$(BUILT_PRODUCTS_DIR)/Lumenshine.app/Lumenshine";
			};
			name = Development;
		};
		7435EA7B20BBE02B008CC667 /* Development */ = {
			isa = XCBuildConfiguration;
			baseConfigurationReference = A72B81CB0207817B533DDE46 /* Pods-LumenshineUITests.development.xcconfig */;
			buildSettings = {
				CLANG_ENABLE_OBJC_WEAK = YES;
				CODE_SIGN_STYLE = Automatic;
				DEVELOPMENT_TEAM = QN6AY4TH84;
				INFOPLIST_FILE = LumenshineUITests/Info.plist;
				IPHONEOS_DEPLOYMENT_TARGET = 11.3;
				LD_RUNPATH_SEARCH_PATHS = "$(inherited) @executable_path/Frameworks @loader_path/Frameworks";
				PRODUCT_BUNDLE_IDENTIFIER = com.mycompany.LumenshineUITests;
				PRODUCT_NAME = "$(TARGET_NAME)";
				SWIFT_VERSION = 4.0;
				TARGETED_DEVICE_FAMILY = "1,2";
				TEST_TARGET_NAME = Lumenshine;
			};
			name = Development;
		};
		7445E9E72019CF7300470E0A /* Debug */ = {
			isa = XCBuildConfiguration;
			buildSettings = {
				ALWAYS_SEARCH_USER_PATHS = NO;
				CLANG_ANALYZER_NONNULL = YES;
				CLANG_ANALYZER_NUMBER_OBJECT_CONVERSION = YES_AGGRESSIVE;
				CLANG_CXX_LANGUAGE_STANDARD = "gnu++14";
				CLANG_CXX_LIBRARY = "libc++";
				CLANG_ENABLE_MODULES = YES;
				CLANG_ENABLE_OBJC_ARC = YES;
				CLANG_WARN_BLOCK_CAPTURE_AUTORELEASING = YES;
				CLANG_WARN_BOOL_CONVERSION = YES;
				CLANG_WARN_COMMA = YES;
				CLANG_WARN_CONSTANT_CONVERSION = YES;
				CLANG_WARN_DEPRECATED_OBJC_IMPLEMENTATIONS = YES;
				CLANG_WARN_DIRECT_OBJC_ISA_USAGE = YES_ERROR;
				CLANG_WARN_DOCUMENTATION_COMMENTS = YES;
				CLANG_WARN_EMPTY_BODY = YES;
				CLANG_WARN_ENUM_CONVERSION = YES;
				CLANG_WARN_INFINITE_RECURSION = YES;
				CLANG_WARN_INT_CONVERSION = YES;
				CLANG_WARN_NON_LITERAL_NULL_CONVERSION = YES;
				CLANG_WARN_OBJC_IMPLICIT_RETAIN_SELF = YES;
				CLANG_WARN_OBJC_LITERAL_CONVERSION = YES;
				CLANG_WARN_OBJC_ROOT_CLASS = YES_ERROR;
				CLANG_WARN_RANGE_LOOP_ANALYSIS = YES;
				CLANG_WARN_STRICT_PROTOTYPES = YES;
				CLANG_WARN_SUSPICIOUS_MOVE = YES;
				CLANG_WARN_UNGUARDED_AVAILABILITY = YES_AGGRESSIVE;
				CLANG_WARN_UNREACHABLE_CODE = YES;
				CLANG_WARN__DUPLICATE_METHOD_MATCH = YES;
				CODE_SIGN_IDENTITY = "iPhone Developer";
				COPY_PHASE_STRIP = NO;
				DEBUG_INFORMATION_FORMAT = dwarf;
				ENABLE_STRICT_OBJC_MSGSEND = YES;
				ENABLE_TESTABILITY = YES;
				GCC_C_LANGUAGE_STANDARD = gnu11;
				GCC_DYNAMIC_NO_PIC = NO;
				GCC_NO_COMMON_BLOCKS = YES;
				GCC_OPTIMIZATION_LEVEL = 0;
				GCC_PREPROCESSOR_DEFINITIONS = (
					"DEBUG=1",
					"$(inherited)",
				);
				GCC_WARN_64_TO_32_BIT_CONVERSION = YES;
				GCC_WARN_ABOUT_RETURN_TYPE = YES_ERROR;
				GCC_WARN_UNDECLARED_SELECTOR = YES;
				GCC_WARN_UNINITIALIZED_AUTOS = YES_AGGRESSIVE;
				GCC_WARN_UNUSED_FUNCTION = YES;
				GCC_WARN_UNUSED_VARIABLE = YES;
				IPHONEOS_DEPLOYMENT_TARGET = 11.2;
				MTL_ENABLE_DEBUG_INFO = YES;
				ONLY_ACTIVE_ARCH = YES;
				SDKROOT = iphoneos;
				SWIFT_ACTIVE_COMPILATION_CONDITIONS = DEBUG;
				SWIFT_OPTIMIZATION_LEVEL = "-Onone";
				SWIFT_VERSION = "";
			};
			name = Debug;
		};
		7445E9E82019CF7300470E0A /* Release */ = {
			isa = XCBuildConfiguration;
			buildSettings = {
				ALWAYS_SEARCH_USER_PATHS = NO;
				CLANG_ANALYZER_NONNULL = YES;
				CLANG_ANALYZER_NUMBER_OBJECT_CONVERSION = YES_AGGRESSIVE;
				CLANG_CXX_LANGUAGE_STANDARD = "gnu++14";
				CLANG_CXX_LIBRARY = "libc++";
				CLANG_ENABLE_MODULES = YES;
				CLANG_ENABLE_OBJC_ARC = YES;
				CLANG_WARN_BLOCK_CAPTURE_AUTORELEASING = YES;
				CLANG_WARN_BOOL_CONVERSION = YES;
				CLANG_WARN_COMMA = YES;
				CLANG_WARN_CONSTANT_CONVERSION = YES;
				CLANG_WARN_DEPRECATED_OBJC_IMPLEMENTATIONS = YES;
				CLANG_WARN_DIRECT_OBJC_ISA_USAGE = YES_ERROR;
				CLANG_WARN_DOCUMENTATION_COMMENTS = YES;
				CLANG_WARN_EMPTY_BODY = YES;
				CLANG_WARN_ENUM_CONVERSION = YES;
				CLANG_WARN_INFINITE_RECURSION = YES;
				CLANG_WARN_INT_CONVERSION = YES;
				CLANG_WARN_NON_LITERAL_NULL_CONVERSION = YES;
				CLANG_WARN_OBJC_IMPLICIT_RETAIN_SELF = YES;
				CLANG_WARN_OBJC_LITERAL_CONVERSION = YES;
				CLANG_WARN_OBJC_ROOT_CLASS = YES_ERROR;
				CLANG_WARN_RANGE_LOOP_ANALYSIS = YES;
				CLANG_WARN_STRICT_PROTOTYPES = YES;
				CLANG_WARN_SUSPICIOUS_MOVE = YES;
				CLANG_WARN_UNGUARDED_AVAILABILITY = YES_AGGRESSIVE;
				CLANG_WARN_UNREACHABLE_CODE = YES;
				CLANG_WARN__DUPLICATE_METHOD_MATCH = YES;
				CODE_SIGN_IDENTITY = "iPhone Developer";
				COPY_PHASE_STRIP = NO;
				DEBUG_INFORMATION_FORMAT = "dwarf-with-dsym";
				ENABLE_NS_ASSERTIONS = NO;
				ENABLE_STRICT_OBJC_MSGSEND = YES;
				GCC_C_LANGUAGE_STANDARD = gnu11;
				GCC_NO_COMMON_BLOCKS = YES;
				GCC_WARN_64_TO_32_BIT_CONVERSION = YES;
				GCC_WARN_ABOUT_RETURN_TYPE = YES_ERROR;
				GCC_WARN_UNDECLARED_SELECTOR = YES;
				GCC_WARN_UNINITIALIZED_AUTOS = YES_AGGRESSIVE;
				GCC_WARN_UNUSED_FUNCTION = YES;
				GCC_WARN_UNUSED_VARIABLE = YES;
				IPHONEOS_DEPLOYMENT_TARGET = 11.2;
				MTL_ENABLE_DEBUG_INFO = NO;
				SDKROOT = iphoneos;
				SWIFT_OPTIMIZATION_LEVEL = "-Owholemodule";
				SWIFT_VERSION = "";
				VALIDATE_PRODUCT = YES;
			};
			name = Release;
		};
		7445E9EA2019CF7300470E0A /* Debug */ = {
			isa = XCBuildConfiguration;
			baseConfigurationReference = 86C4736169A0F0ECB469D6F5 /* Pods-Lumenshine.debug.xcconfig */;
			buildSettings = {
				ASSETCATALOG_COMPILER_APPICON_NAME = AppIcon;
				CODE_SIGN_ENTITLEMENTS = Lumenshine/Lumenshine.entitlements;
				CODE_SIGN_STYLE = Automatic;
				DEVELOPMENT_TEAM = QN6AY4TH84;
				INFOPLIST_FILE = Lumenshine/Info.plist;
				IPHONEOS_DEPLOYMENT_TARGET = 11.0;
				LD_RUNPATH_SEARCH_PATHS = "$(inherited) @executable_path/Frameworks";
				OTHER_SWIFT_FLAGS = "$(inherited) \"-D\" \"COCOAPODS\"";
				PRODUCT_BUNDLE_IDENTIFIER = com.soneso.stellar;
				PRODUCT_NAME = "$(TARGET_NAME)";
				SWIFT_VERSION = 4.0;
				TARGETED_DEVICE_FAMILY = "1,2";
			};
			name = Debug;
		};
		7445E9EB2019CF7300470E0A /* Release */ = {
			isa = XCBuildConfiguration;
			baseConfigurationReference = F3ED2500B87A281883343BB6 /* Pods-Lumenshine.release.xcconfig */;
			buildSettings = {
				ASSETCATALOG_COMPILER_APPICON_NAME = AppIcon;
				CODE_SIGN_ENTITLEMENTS = Lumenshine/Lumenshine.entitlements;
				CODE_SIGN_STYLE = Automatic;
				DEVELOPMENT_TEAM = QN6AY4TH84;
				INFOPLIST_FILE = Lumenshine/Info.plist;
				IPHONEOS_DEPLOYMENT_TARGET = 11.0;
				LD_RUNPATH_SEARCH_PATHS = "$(inherited) @executable_path/Frameworks";
				PRODUCT_BUNDLE_IDENTIFIER = com.soneso.stellar;
				PRODUCT_NAME = "$(TARGET_NAME)";
				SWIFT_VERSION = 4.0;
				TARGETED_DEVICE_FAMILY = "1,2";
			};
			name = Release;
		};
/* End XCBuildConfiguration section */

/* Begin XCConfigurationList section */
		4360484A20AEFCFD00CF781A /* Build configuration list for PBXNativeTarget "LumenshineTests" */ = {
			isa = XCConfigurationList;
			buildConfigurations = (
				4360484B20AEFCFD00CF781A /* Debug */,
				7435EA7A20BBE02B008CC667 /* Development */,
				4360484C20AEFCFD00CF781A /* Release */,
			);
			defaultConfigurationIsVisible = 0;
			defaultConfigurationName = Release;
		};
		4360485820AEFD9A00CF781A /* Build configuration list for PBXNativeTarget "LumenshineUITests" */ = {
			isa = XCConfigurationList;
			buildConfigurations = (
				4360485920AEFD9A00CF781A /* Debug */,
				7435EA7B20BBE02B008CC667 /* Development */,
				4360485A20AEFD9A00CF781A /* Release */,
			);
			defaultConfigurationIsVisible = 0;
			defaultConfigurationName = Release;
		};
		7445E9BC2019CF7200470E0A /* Build configuration list for PBXProject "Lumenshine" */ = {
			isa = XCConfigurationList;
			buildConfigurations = (
				7445E9E72019CF7300470E0A /* Debug */,
				7435EA7820BBE02B008CC667 /* Development */,
				7445E9E82019CF7300470E0A /* Release */,
			);
			defaultConfigurationIsVisible = 0;
			defaultConfigurationName = Release;
		};
		7445E9E92019CF7300470E0A /* Build configuration list for PBXNativeTarget "Lumenshine" */ = {
			isa = XCConfigurationList;
			buildConfigurations = (
				7445E9EA2019CF7300470E0A /* Debug */,
				7435EA7920BBE02B008CC667 /* Development */,
				7445E9EB2019CF7300470E0A /* Release */,
			);
			defaultConfigurationIsVisible = 0;
			defaultConfigurationName = Release;
		};
/* End XCConfigurationList section */
	};
	rootObject = 7445E9B92019CF7200470E0A /* Project object */;
}
